// !$*UTF8*$!
{
	archiveVersion = 1;
	classes = {
	};
	objectVersion = 50;
	objects = {

/* Begin PBXBuildFile section */
		0905140A23CDBE5200C636FB /* FirmwareUpgradeHomeViewController.m in Sources */ = {isa = PBXBuildFile; fileRef = 0905140823CDBE5100C636FB /* FirmwareUpgradeHomeViewController.m */; };
		09320881210F550100CAC396 /* NSData+hexString.m in Sources */ = {isa = PBXBuildFile; fileRef = 09320880210F550100CAC396 /* NSData+hexString.m */; };
		093699E5246AC394003B6202 /* UserNotifications.framework in Frameworks */ = {isa = PBXBuildFile; fileRef = 093699E4246AC394003B6202 /* UserNotifications.framework */; };
		096B0690212DDAAE0098228E /* NSString+hex.m in Sources */ = {isa = PBXBuildFile; fileRef = 096B068F212DDAAE0098228E /* NSString+hex.m */; };
		09B374122451806B00597EE4 /* UIAlertController+Additions.m in Sources */ = {isa = PBXBuildFile; fileRef = 09B374112451806B00597EE4 /* UIAlertController+Additions.m */; };
		09D0CC87246D2486003C773A /* UNUserNotificationCenter+Additions.m in Sources */ = {isa = PBXBuildFile; fileRef = 09D0CC86246D2486003C773A /* UNUserNotificationCenter+Additions.m */; };
		637F6F021A847D43000D0B32 /* CarouselViewController.m in Sources */ = {isa = PBXBuildFile; fileRef = 637F6E621A847D43000D0B32 /* CarouselViewController.m */; };
		637F6F031A847D43000D0B32 /* iCarousel.m in Sources */ = {isa = PBXBuildFile; fileRef = 637F6E651A847D43000D0B32 /* iCarousel.m */; };
		637F6F041A847D43000D0B32 /* CyCBManager.m in Sources */ = {isa = PBXBuildFile; fileRef = 637F6E681A847D43000D0B32 /* CyCBManager.m */; };
		637F6F051A847D43000D0B32 /* CBPeripheralExt.m in Sources */ = {isa = PBXBuildFile; fileRef = 637F6E6A1A847D43000D0B32 /* CBPeripheralExt.m */; };
		637F6F061A847D43000D0B32 /* BatteryServiceModel.m in Sources */ = {isa = PBXBuildFile; fileRef = 637F6E6D1A847D43000D0B32 /* BatteryServiceModel.m */; };
		637F6F071A847D43000D0B32 /* BPModel.m in Sources */ = {isa = PBXBuildFile; fileRef = 637F6E6F1A847D43000D0B32 /* BPModel.m */; };
		637F6F081A847D43000D0B32 /* capsenseModel.m in Sources */ = {isa = PBXBuildFile; fileRef = 637F6E711A847D43000D0B32 /* capsenseModel.m */; };
		637F6F091A847D43000D0B32 /* CSCModel.m in Sources */ = {isa = PBXBuildFile; fileRef = 637F6E731A847D43000D0B32 /* CSCModel.m */; };
		637F6F0A1A847D43000D0B32 /* DevieInformationModel.m in Sources */ = {isa = PBXBuildFile; fileRef = 637F6E751A847D43000D0B32 /* DevieInformationModel.m */; };
		637F6F0B1A847D43000D0B32 /* FindMeModel.m in Sources */ = {isa = PBXBuildFile; fileRef = 637F6E771A847D43000D0B32 /* FindMeModel.m */; };
		637F6F0C1A847D43000D0B32 /* GlucoseModel.m in Sources */ = {isa = PBXBuildFile; fileRef = 637F6E791A847D43000D0B32 /* GlucoseModel.m */; };
		637F6F0D1A847D43000D0B32 /* HRMModel.m in Sources */ = {isa = PBXBuildFile; fileRef = 637F6E7B1A847D43000D0B32 /* HRMModel.m */; };
		637F6F0E1A847D43000D0B32 /* RGBModel.m in Sources */ = {isa = PBXBuildFile; fileRef = 637F6E7D1A847D43000D0B32 /* RGBModel.m */; };
		637F6F0F1A847D43000D0B32 /* RSCModel.m in Sources */ = {isa = PBXBuildFile; fileRef = 637F6E7F1A847D43000D0B32 /* RSCModel.m */; };
		637F6F101A847D43000D0B32 /* ThermometerModel.m in Sources */ = {isa = PBXBuildFile; fileRef = 637F6E811A847D43000D0B32 /* ThermometerModel.m */; };
		637F6F111A847D43000D0B32 /* MRHexKeyboard.m in Sources */ = {isa = PBXBuildFile; fileRef = 637F6E851A847D43000D0B32 /* MRHexKeyboard.m */; };
		637F6F121A847D43000D0B32 /* KLCPopup.m in Sources */ = {isa = PBXBuildFile; fileRef = 637F6E881A847D43000D0B32 /* KLCPopup.m */; };
		637F6F131A847D43000D0B32 /* LCInfoView.m in Sources */ = {isa = PBXBuildFile; fileRef = 637F6E8B1A847D43000D0B32 /* LCInfoView.m */; };
		637F6F141A847D43000D0B32 /* LCLegendView.m in Sources */ = {isa = PBXBuildFile; fileRef = 637F6E8D1A847D43000D0B32 /* LCLegendView.m */; };
		637F6F151A847D43000D0B32 /* LCLineChartView.m in Sources */ = {isa = PBXBuildFile; fileRef = 637F6E8F1A847D43000D0B32 /* LCLineChartView.m */; };
		637F6F161A847D43000D0B32 /* MyLineChart.m in Sources */ = {isa = PBXBuildFile; fileRef = 637F6E921A847D43000D0B32 /* MyLineChart.m */; };
		637F6F171A847D43000D0B32 /* UIKit+DrawingHelpers.m in Sources */ = {isa = PBXBuildFile; fileRef = 637F6E941A847D43000D0B32 /* UIKit+DrawingHelpers.m */; };
		637F6F181A847D43000D0B32 /* MBProgressHUD.m in Sources */ = {isa = PBXBuildFile; fileRef = 637F6E971A847D43000D0B32 /* MBProgressHUD.m */; };
		637F6F191A847D43000D0B32 /* ProgressHandler.m in Sources */ = {isa = PBXBuildFile; fileRef = 637F6E991A847D43000D0B32 /* ProgressHandler.m */; };
		637F6F1B1A847D43000D0B32 /* LoggerHandler.m in Sources */ = {isa = PBXBuildFile; fileRef = 637F6EA01A847D43000D0B32 /* LoggerHandler.m */; };
		637F6F1C1A847D43000D0B32 /* Reachability.m in Sources */ = {isa = PBXBuildFile; fileRef = 637F6EA21A847D43000D0B32 /* Reachability.m */; };
		637F6F1D1A847D43000D0B32 /* ResourceHandler.m in Sources */ = {isa = PBXBuildFile; fileRef = 637F6EA41A847D43000D0B32 /* ResourceHandler.m */; };
		637F6F1E1A847D43000D0B32 /* Utilities.m in Sources */ = {isa = PBXBuildFile; fileRef = 637F6EA61A847D43000D0B32 /* Utilities.m */; };
		637F6F1F1A847D43000D0B32 /* AppDelegate.m in Sources */ = {isa = PBXBuildFile; fileRef = 637F6EAA1A847D43000D0B32 /* AppDelegate.m */; };
		637F6F201A847D43000D0B32 /* BaseViewController.m in Sources */ = {isa = PBXBuildFile; fileRef = 637F6EAD1A847D43000D0B32 /* BaseViewController.m */; };
		637F6F211A847D43000D0B32 /* CharacteristicListTableViewCell.m in Sources */ = {isa = PBXBuildFile; fileRef = 637F6EB11A847D43000D0B32 /* CharacteristicListTableViewCell.m */; };
		637F6F221A847D43000D0B32 /* GATTDBCharacteristicListViewController.m in Sources */ = {isa = PBXBuildFile; fileRef = 637F6EB31A847D43000D0B32 /* GATTDBCharacteristicListViewController.m */; };
		637F6F231A847D43000D0B32 /* GATTDBDescriptorDetailsViewController.m in Sources */ = {isa = PBXBuildFile; fileRef = 637F6EB61A847D43000D0B32 /* GATTDBDescriptorDetailsViewController.m */; };
		637F6F241A847D43000D0B32 /* DescriptorListTableViewCell.m in Sources */ = {isa = PBXBuildFile; fileRef = 637F6EB91A847D43000D0B32 /* DescriptorListTableViewCell.m */; };
		637F6F251A847D43000D0B32 /* GATTDBDescriptorListViewController.m in Sources */ = {isa = PBXBuildFile; fileRef = 637F6EBB1A847D43000D0B32 /* GATTDBDescriptorListViewController.m */; };
		637F6F261A847D43000D0B32 /* GATTDBDetailsViewController.m in Sources */ = {isa = PBXBuildFile; fileRef = 637F6EBE1A847D43000D0B32 /* GATTDBDetailsViewController.m */; };
		637F6F271A847D43000D0B32 /* GATTDBServiceListViewController.m in Sources */ = {isa = PBXBuildFile; fileRef = 637F6EC11A847D43000D0B32 /* GATTDBServiceListViewController.m */; };
		637F6F281A847D43000D0B32 /* ServiceListTableViewCell.m in Sources */ = {isa = PBXBuildFile; fileRef = 637F6EC31A847D43000D0B32 /* ServiceListTableViewCell.m */; };
		637F6F291A847D43000D0B32 /* HomeViewController.m in Sources */ = {isa = PBXBuildFile; fileRef = 637F6EC61A847D43000D0B32 /* HomeViewController.m */; };
		637F6F2A1A847D43000D0B32 /* ScannedPeripheralTableViewCell.m in Sources */ = {isa = PBXBuildFile; fileRef = 637F6EC81A847D43000D0B32 /* ScannedPeripheralTableViewCell.m */; };
		637F6F2B1A847D43000D0B32 /* LoggerViewController.m in Sources */ = {isa = PBXBuildFile; fileRef = 637F6ECB1A847D43000D0B32 /* LoggerViewController.m */; };
		637F6F2C1A847D43000D0B32 /* AboutView.m in Sources */ = {isa = PBXBuildFile; fileRef = 637F6ECE1A847D43000D0B32 /* AboutView.m */; };
		637F6F2D1A847D43000D0B32 /* AboutView.xib in Resources */ = {isa = PBXBuildFile; fileRef = 637F6ECF1A847D43000D0B32 /* AboutView.xib */; };
		637F6F2E1A847D43000D0B32 /* MenuTableViewCell.m in Sources */ = {isa = PBXBuildFile; fileRef = 637F6ED11A847D43000D0B32 /* MenuTableViewCell.m */; };
		637F6F2F1A847D43000D0B32 /* MenuViewController.m in Sources */ = {isa = PBXBuildFile; fileRef = 637F6ED31A847D43000D0B32 /* MenuViewController.m */; };
		637F6F301A847D43000D0B32 /* BatteryServiceVC.m in Sources */ = {isa = PBXBuildFile; fileRef = 637F6ED61A847D43000D0B32 /* BatteryServiceVC.m */; };
		637F6F311A847D43000D0B32 /* BatteryServiceView.m in Sources */ = {isa = PBXBuildFile; fileRef = 637F6ED81A847D43000D0B32 /* BatteryServiceView.m */; };
		637F6F321A847D43000D0B32 /* BatteryServiceView.xib in Resources */ = {isa = PBXBuildFile; fileRef = 637F6ED91A847D43000D0B32 /* BatteryServiceView.xib */; };
		637F6F331A847D43000D0B32 /* BloodPressureViewController.m in Sources */ = {isa = PBXBuildFile; fileRef = 637F6EDB1A847D43000D0B32 /* BloodPressureViewController.m */; };
		637F6F341A847D43000D0B32 /* CapsenseButtonCollectionViewCell.m in Sources */ = {isa = PBXBuildFile; fileRef = 637F6EDD1A847D43000D0B32 /* CapsenseButtonCollectionViewCell.m */; };
		637F6F351A847D43000D0B32 /* CapsenseButtonVC.m in Sources */ = {isa = PBXBuildFile; fileRef = 637F6EDF1A847D43000D0B32 /* CapsenseButtonVC.m */; };
		637F6F361A847D43000D0B32 /* CapsenseProximityVC.m in Sources */ = {isa = PBXBuildFile; fileRef = 637F6EE11A847D43000D0B32 /* CapsenseProximityVC.m */; };
		637F6F371A847D43000D0B32 /* CapsenseRootVC.m in Sources */ = {isa = PBXBuildFile; fileRef = 637F6EE31A847D43000D0B32 /* CapsenseRootVC.m */; };
		637F6F381A847D43000D0B32 /* CapsenseSliderViewController.m in Sources */ = {isa = PBXBuildFile; fileRef = 637F6EE51A847D43000D0B32 /* CapsenseSliderViewController.m */; };
		637F6F391A847D43000D0B32 /* CyclingSpeedAndCadenceVC.m in Sources */ = {isa = PBXBuildFile; fileRef = 637F6EE71A847D43000D0B32 /* CyclingSpeedAndCadenceVC.m */; };
		637F6F3A1A847D43000D0B32 /* DeviceInformationTableViewCell.m in Sources */ = {isa = PBXBuildFile; fileRef = 637F6EE91A847D43000D0B32 /* DeviceInformationTableViewCell.m */; };
		637F6F3B1A847D43000D0B32 /* DeviceInformationVC.m in Sources */ = {isa = PBXBuildFile; fileRef = 637F6EEB1A847D43000D0B32 /* DeviceInformationVC.m */; };
		637F6F3C1A847D43000D0B32 /* FindMeViewController.m in Sources */ = {isa = PBXBuildFile; fileRef = 637F6EED1A847D43000D0B32 /* FindMeViewController.m */; };
		637F6F3D1A847D43000D0B32 /* GlucoseViewController.m in Sources */ = {isa = PBXBuildFile; fileRef = 637F6EEF1A847D43000D0B32 /* GlucoseViewController.m */; };
		637F6F3E1A847D43000D0B32 /* HealthThermometerVC.m in Sources */ = {isa = PBXBuildFile; fileRef = 637F6EF11A847D43000D0B32 /* HealthThermometerVC.m */; };
		637F6F3F1A847D43000D0B32 /* HeartRateMesurementVC.m in Sources */ = {isa = PBXBuildFile; fileRef = 637F6EF31A847D43000D0B32 /* HeartRateMesurementVC.m */; };
		637F6F401A847D43000D0B32 /* RGBViewController.m in Sources */ = {isa = PBXBuildFile; fileRef = 637F6EF51A847D43000D0B32 /* RGBViewController.m */; };
		637F6F411A847D43000D0B32 /* RunningSpeedAndCadenceVC.m in Sources */ = {isa = PBXBuildFile; fileRef = 637F6EF71A847D43000D0B32 /* RunningSpeedAndCadenceVC.m */; };
		637F6F421A847D43000D0B32 /* beep.mp3 in Resources */ = {isa = PBXBuildFile; fileRef = 637F6EF91A847D43000D0B32 /* beep.mp3 */; };
		637F6F431A847D43000D0B32 /* Roboto-Bold.ttf in Resources */ = {isa = PBXBuildFile; fileRef = 637F6EFB1A847D43000D0B32 /* Roboto-Bold.ttf */; };
		637F6F441A847D43000D0B32 /* Roboto-Medium.ttf in Resources */ = {isa = PBXBuildFile; fileRef = 637F6EFC1A847D43000D0B32 /* Roboto-Medium.ttf */; };
		637F6F451A847D43000D0B32 /* Roboto-Regular.ttf in Resources */ = {isa = PBXBuildFile; fileRef = 637F6EFD1A847D43000D0B32 /* Roboto-Regular.ttf */; };
		637F6F461A847D43000D0B32 /* CharacteristicUUIDPList.plist in Resources */ = {isa = PBXBuildFile; fileRef = 637F6EFF1A847D43000D0B32 /* CharacteristicUUIDPList.plist */; };
		637F6F471A847D43000D0B32 /* serviceAndCharacteristicNames.plist in Resources */ = {isa = PBXBuildFile; fileRef = 637F6F001A847D43000D0B32 /* serviceAndCharacteristicNames.plist */; };
		637F6F481A847D43000D0B32 /* ServiceUUIDPList.plist in Resources */ = {isa = PBXBuildFile; fileRef = 637F6F011A847D43000D0B32 /* ServiceUUIDPList.plist */; };
		63CE12A41A753257004585FB /* CoreGraphics.framework in Frameworks */ = {isa = PBXBuildFile; fileRef = 63CE12A31A753257004585FB /* CoreGraphics.framework */; };
		A3B9F7141AB04AA30030F041 /* OTAFileParser.m in Sources */ = {isa = PBXBuildFile; fileRef = A3B9F7131AB04AA30030F041 /* OTAFileParser.m */; };
		A3B9F71A1AB167EE0030F041 /* FirmwareFileSelectionViewController.m in Sources */ = {isa = PBXBuildFile; fileRef = A3B9F7191AB167EE0030F041 /* FirmwareFileSelectionViewController.m */; };
		A3F93F531A8A1EFF003A0545 /* SensorHubViewController.m in Sources */ = {isa = PBXBuildFile; fileRef = A3F93F521A8A1EFF003A0545 /* SensorHubViewController.m */; };
		A3FD2D7C1A931D8F0025FEFB /* DropDownView.m in Sources */ = {isa = PBXBuildFile; fileRef = A3FD2D7B1A931D8F0025FEFB /* DropDownView.m */; };
		E31E06E31A6FF86E002FDFC2 /* AVFoundation.framework in Frameworks */ = {isa = PBXBuildFile; fileRef = E31E06E21A6FF86E002FDFC2 /* AVFoundation.framework */; };
		E35864C71A9310B80052A892 /* BarometerModel.m in Sources */ = {isa = PBXBuildFile; fileRef = E35864C61A9310B80052A892 /* BarometerModel.m */; };
		E374410E1AAECB2C008C3658 /* BootLoaderServiceModel.m in Sources */ = {isa = PBXBuildFile; fileRef = E374410D1AAECB2C008C3658 /* BootLoaderServiceModel.m */; };
		E37A38C51B43B10C002DBD93 /* Localizable.strings in Resources */ = {isa = PBXBuildFile; fileRef = E37A38C31B43B10C002DBD93 /* Localizable.strings */; };
		E38381981A5BCCDB00965563 /* CoreBluetooth.framework in Frameworks */ = {isa = PBXBuildFile; fileRef = E38381971A5BCCDB00965563 /* CoreBluetooth.framework */; };
		E3CC8EAC1A971BD2003EB5A2 /* CharacteristicFormatPList.plist in Resources */ = {isa = PBXBuildFile; fileRef = E3CC8EAB1A971BD2003EB5A2 /* CharacteristicFormatPList.plist */; };
		E3CEF23D1B56A30E00F70B33 /* GlucoseContextVC.m in Sources */ = {isa = PBXBuildFile; fileRef = E3CEF23C1B56A30E00F70B33 /* GlucoseContextVC.m */; };
		E3CEF2401B56A34700F70B33 /* ContextTableViewCell.m in Sources */ = {isa = PBXBuildFile; fileRef = E3CEF23F1B56A34700F70B33 /* ContextTableViewCell.m */; };
		E3E6C52E1A91EC2C00350E7E /* AccelerometerModel.m in Sources */ = {isa = PBXBuildFile; fileRef = E3E6C52D1A91EC2C00350E7E /* AccelerometerModel.m */; };
		E3E6C5311A921D4F00350E7E /* TemperatureModel.m in Sources */ = {isa = PBXBuildFile; fileRef = E3E6C5301A921D4F00350E7E /* TemperatureModel.m */; };
		E3E9A1031B22E05900236D6B /* UIView+Toast.m in Sources */ = {isa = PBXBuildFile; fileRef = E3E9A1021B22E05900236D6B /* UIView+Toast.m */; };
		E3F3BC7F1AF8D87800286257 /* DataLoggerModel.xcdatamodeld in Sources */ = {isa = PBXBuildFile; fileRef = E3F3BC7D1AF8D87800286257 /* DataLoggerModel.xcdatamodeld */; };
		E3F3BC851AF8D94F00286257 /* CoreDataHandler.m in Sources */ = {isa = PBXBuildFile; fileRef = E3F3BC841AF8D94F00286257 /* CoreDataHandler.m */; };
		E3F3BC8B1AF90C5C00286257 /* Logger.m in Sources */ = {isa = PBXBuildFile; fileRef = E3F3BC8A1AF90C5C00286257 /* Logger.m */; };
		E3FC7F401A943FA60015A396 /* SensorHubModel.m in Sources */ = {isa = PBXBuildFile; fileRef = E3FC7F3F1A943FA60015A396 /* SensorHubModel.m */; };
		E956BCCE1A5BA68500B6F0CB /* main.m in Sources */ = {isa = PBXBuildFile; fileRef = E956BCCD1A5BA68500B6F0CB /* main.m */; };
		E956BCD71A5BA68500B6F0CB /* Main.storyboard in Resources */ = {isa = PBXBuildFile; fileRef = E956BCD51A5BA68500B6F0CB /* Main.storyboard */; };
		E956BCD91A5BA68500B6F0CB /* Images.xcassets in Resources */ = {isa = PBXBuildFile; fileRef = E956BCD81A5BA68500B6F0CB /* Images.xcassets */; };
		E956BCDC1A5BA68500B6F0CB /* LaunchScreen.xib in Resources */ = {isa = PBXBuildFile; fileRef = E956BCDA1A5BA68500B6F0CB /* LaunchScreen.xib */; };
		E956BCE81A5BA68500B6F0CB /* CySmartTests.m in Sources */ = {isa = PBXBuildFile; fileRef = E956BCE71A5BA68500B6F0CB /* CySmartTests.m */; };
/* End PBXBuildFile section */

/* Begin PBXContainerItemProxy section */
		E956BCE21A5BA68500B6F0CB /* PBXContainerItemProxy */ = {
			isa = PBXContainerItemProxy;
			containerPortal = E956BCC01A5BA68500B6F0CB /* Project object */;
			proxyType = 1;
			remoteGlobalIDString = E956BCC71A5BA68500B6F0CB;
			remoteInfo = CySmart;
		};
/* End PBXContainerItemProxy section */

/* Begin PBXFileReference section */
		0905140823CDBE5100C636FB /* FirmwareUpgradeHomeViewController.m */ = {isa = PBXFileReference; fileEncoding = 4; lastKnownFileType = sourcecode.c.objc; path = FirmwareUpgradeHomeViewController.m; sourceTree = "<group>"; };
		0905140923CDBE5100C636FB /* FirmwareUpgradeHomeViewController.h */ = {isa = PBXFileReference; fileEncoding = 4; lastKnownFileType = sourcecode.c.h; path = FirmwareUpgradeHomeViewController.h; sourceTree = "<group>"; };
		0932087F210F54F300CAC396 /* NSData+hexString.h */ = {isa = PBXFileReference; lastKnownFileType = sourcecode.c.h; path = "NSData+hexString.h"; sourceTree = "<group>"; };
		09320880210F550100CAC396 /* NSData+hexString.m */ = {isa = PBXFileReference; lastKnownFileType = sourcecode.c.objc; path = "NSData+hexString.m"; sourceTree = "<group>"; };
		093699E4246AC394003B6202 /* UserNotifications.framework */ = {isa = PBXFileReference; lastKnownFileType = wrapper.framework; name = UserNotifications.framework; path = System/Library/Frameworks/UserNotifications.framework; sourceTree = SDKROOT; };
		096B068E212DDAAE0098228E /* NSString+hex.h */ = {isa = PBXFileReference; fileEncoding = 4; lastKnownFileType = sourcecode.c.h; path = "NSString+hex.h"; sourceTree = "<group>"; };
		096B068F212DDAAE0098228E /* NSString+hex.m */ = {isa = PBXFileReference; fileEncoding = 4; lastKnownFileType = sourcecode.c.objc; path = "NSString+hex.m"; sourceTree = "<group>"; };
		09B374102451806B00597EE4 /* UIAlertController+Additions.h */ = {isa = PBXFileReference; lastKnownFileType = sourcecode.c.h; path = "UIAlertController+Additions.h"; sourceTree = "<group>"; };
		09B374112451806B00597EE4 /* UIAlertController+Additions.m */ = {isa = PBXFileReference; lastKnownFileType = sourcecode.c.objc; path = "UIAlertController+Additions.m"; sourceTree = "<group>"; };
		09D0CC85246D2486003C773A /* UNUserNotificationCenter+Additions.h */ = {isa = PBXFileReference; lastKnownFileType = sourcecode.c.h; path = "UNUserNotificationCenter+Additions.h"; sourceTree = "<group>"; };
		09D0CC86246D2486003C773A /* UNUserNotificationCenter+Additions.m */ = {isa = PBXFileReference; lastKnownFileType = sourcecode.c.objc; path = "UNUserNotificationCenter+Additions.m"; sourceTree = "<group>"; };
		637F6E611A847D43000D0B32 /* CarouselViewController.h */ = {isa = PBXFileReference; fileEncoding = 4; lastKnownFileType = sourcecode.c.h; path = CarouselViewController.h; sourceTree = "<group>"; };
		637F6E621A847D43000D0B32 /* CarouselViewController.m */ = {isa = PBXFileReference; fileEncoding = 4; lastKnownFileType = sourcecode.c.objc; path = CarouselViewController.m; sourceTree = "<group>"; };
		637F6E641A847D43000D0B32 /* iCarousel.h */ = {isa = PBXFileReference; fileEncoding = 4; lastKnownFileType = sourcecode.c.h; path = iCarousel.h; sourceTree = "<group>"; };
		637F6E651A847D43000D0B32 /* iCarousel.m */ = {isa = PBXFileReference; fileEncoding = 4; lastKnownFileType = sourcecode.c.objc; path = iCarousel.m; sourceTree = "<group>"; };
		637F6E671A847D43000D0B32 /* CyCBManager.h */ = {isa = PBXFileReference; fileEncoding = 4; lastKnownFileType = sourcecode.c.h; path = CyCBManager.h; sourceTree = "<group>"; };
		637F6E681A847D43000D0B32 /* CyCBManager.m */ = {isa = PBXFileReference; fileEncoding = 4; lastKnownFileType = sourcecode.c.objc; path = CyCBManager.m; sourceTree = "<group>"; };
		637F6E691A847D43000D0B32 /* CBPeripheralExt.h */ = {isa = PBXFileReference; fileEncoding = 4; lastKnownFileType = sourcecode.c.h; path = CBPeripheralExt.h; sourceTree = "<group>"; };
		637F6E6A1A847D43000D0B32 /* CBPeripheralExt.m */ = {isa = PBXFileReference; fileEncoding = 4; lastKnownFileType = sourcecode.c.objc; path = CBPeripheralExt.m; sourceTree = "<group>"; };
		637F6E6C1A847D43000D0B32 /* BatteryServiceModel.h */ = {isa = PBXFileReference; fileEncoding = 4; lastKnownFileType = sourcecode.c.h; path = BatteryServiceModel.h; sourceTree = "<group>"; };
		637F6E6D1A847D43000D0B32 /* BatteryServiceModel.m */ = {isa = PBXFileReference; fileEncoding = 4; lastKnownFileType = sourcecode.c.objc; path = BatteryServiceModel.m; sourceTree = "<group>"; };
		637F6E6E1A847D43000D0B32 /* BPModel.h */ = {isa = PBXFileReference; fileEncoding = 4; lastKnownFileType = sourcecode.c.h; path = BPModel.h; sourceTree = "<group>"; };
		637F6E6F1A847D43000D0B32 /* BPModel.m */ = {isa = PBXFileReference; fileEncoding = 4; lastKnownFileType = sourcecode.c.objc; path = BPModel.m; sourceTree = "<group>"; };
		637F6E701A847D43000D0B32 /* capsenseModel.h */ = {isa = PBXFileReference; fileEncoding = 4; lastKnownFileType = sourcecode.c.h; lineEnding = 0; path = capsenseModel.h; sourceTree = "<group>"; xcLanguageSpecificationIdentifier = xcode.lang.objcpp; };
		637F6E711A847D43000D0B32 /* capsenseModel.m */ = {isa = PBXFileReference; fileEncoding = 4; lastKnownFileType = sourcecode.c.objc; lineEnding = 0; path = capsenseModel.m; sourceTree = "<group>"; xcLanguageSpecificationIdentifier = xcode.lang.objc; };
		637F6E721A847D43000D0B32 /* CSCModel.h */ = {isa = PBXFileReference; fileEncoding = 4; lastKnownFileType = sourcecode.c.h; path = CSCModel.h; sourceTree = "<group>"; };
		637F6E731A847D43000D0B32 /* CSCModel.m */ = {isa = PBXFileReference; fileEncoding = 4; lastKnownFileType = sourcecode.c.objc; path = CSCModel.m; sourceTree = "<group>"; };
		637F6E741A847D43000D0B32 /* DevieInformationModel.h */ = {isa = PBXFileReference; fileEncoding = 4; lastKnownFileType = sourcecode.c.h; path = DevieInformationModel.h; sourceTree = "<group>"; };
		637F6E751A847D43000D0B32 /* DevieInformationModel.m */ = {isa = PBXFileReference; fileEncoding = 4; lastKnownFileType = sourcecode.c.objc; path = DevieInformationModel.m; sourceTree = "<group>"; };
		637F6E761A847D43000D0B32 /* FindMeModel.h */ = {isa = PBXFileReference; fileEncoding = 4; lastKnownFileType = sourcecode.c.h; path = FindMeModel.h; sourceTree = "<group>"; };
		637F6E771A847D43000D0B32 /* FindMeModel.m */ = {isa = PBXFileReference; fileEncoding = 4; lastKnownFileType = sourcecode.c.objc; path = FindMeModel.m; sourceTree = "<group>"; };
		637F6E781A847D43000D0B32 /* GlucoseModel.h */ = {isa = PBXFileReference; fileEncoding = 4; lastKnownFileType = sourcecode.c.h; path = GlucoseModel.h; sourceTree = "<group>"; };
		637F6E791A847D43000D0B32 /* GlucoseModel.m */ = {isa = PBXFileReference; fileEncoding = 4; lastKnownFileType = sourcecode.c.objc; path = GlucoseModel.m; sourceTree = "<group>"; };
		637F6E7A1A847D43000D0B32 /* HRMModel.h */ = {isa = PBXFileReference; fileEncoding = 4; lastKnownFileType = sourcecode.c.h; path = HRMModel.h; sourceTree = "<group>"; };
		637F6E7B1A847D43000D0B32 /* HRMModel.m */ = {isa = PBXFileReference; fileEncoding = 4; lastKnownFileType = sourcecode.c.objc; path = HRMModel.m; sourceTree = "<group>"; };
		637F6E7C1A847D43000D0B32 /* RGBModel.h */ = {isa = PBXFileReference; fileEncoding = 4; lastKnownFileType = sourcecode.c.h; path = RGBModel.h; sourceTree = "<group>"; };
		637F6E7D1A847D43000D0B32 /* RGBModel.m */ = {isa = PBXFileReference; fileEncoding = 4; lastKnownFileType = sourcecode.c.objc; path = RGBModel.m; sourceTree = "<group>"; };
		637F6E7E1A847D43000D0B32 /* RSCModel.h */ = {isa = PBXFileReference; fileEncoding = 4; lastKnownFileType = sourcecode.c.h; path = RSCModel.h; sourceTree = "<group>"; };
		637F6E7F1A847D43000D0B32 /* RSCModel.m */ = {isa = PBXFileReference; fileEncoding = 4; lastKnownFileType = sourcecode.c.objc; path = RSCModel.m; sourceTree = "<group>"; };
		637F6E801A847D43000D0B32 /* ThermometerModel.h */ = {isa = PBXFileReference; fileEncoding = 4; lastKnownFileType = sourcecode.c.h; path = ThermometerModel.h; sourceTree = "<group>"; };
		637F6E811A847D43000D0B32 /* ThermometerModel.m */ = {isa = PBXFileReference; fileEncoding = 4; lastKnownFileType = sourcecode.c.objc; path = ThermometerModel.m; sourceTree = "<group>"; };
		637F6E841A847D43000D0B32 /* MRHexKeyboard.h */ = {isa = PBXFileReference; fileEncoding = 4; lastKnownFileType = sourcecode.c.h; path = MRHexKeyboard.h; sourceTree = "<group>"; };
		637F6E851A847D43000D0B32 /* MRHexKeyboard.m */ = {isa = PBXFileReference; fileEncoding = 4; lastKnownFileType = sourcecode.c.objc; path = MRHexKeyboard.m; sourceTree = "<group>"; };
		637F6E871A847D43000D0B32 /* KLCPopup.h */ = {isa = PBXFileReference; fileEncoding = 4; lastKnownFileType = sourcecode.c.h; path = KLCPopup.h; sourceTree = "<group>"; };
		637F6E881A847D43000D0B32 /* KLCPopup.m */ = {isa = PBXFileReference; fileEncoding = 4; lastKnownFileType = sourcecode.c.objc; path = KLCPopup.m; sourceTree = "<group>"; };
		637F6E8A1A847D43000D0B32 /* LCInfoView.h */ = {isa = PBXFileReference; fileEncoding = 4; lastKnownFileType = sourcecode.c.h; path = LCInfoView.h; sourceTree = "<group>"; };
		637F6E8B1A847D43000D0B32 /* LCInfoView.m */ = {isa = PBXFileReference; fileEncoding = 4; lastKnownFileType = sourcecode.c.objc; path = LCInfoView.m; sourceTree = "<group>"; };
		637F6E8C1A847D43000D0B32 /* LCLegendView.h */ = {isa = PBXFileReference; fileEncoding = 4; lastKnownFileType = sourcecode.c.h; path = LCLegendView.h; sourceTree = "<group>"; };
		637F6E8D1A847D43000D0B32 /* LCLegendView.m */ = {isa = PBXFileReference; fileEncoding = 4; lastKnownFileType = sourcecode.c.objc; path = LCLegendView.m; sourceTree = "<group>"; };
		637F6E8E1A847D43000D0B32 /* LCLineChartView.h */ = {isa = PBXFileReference; fileEncoding = 4; lastKnownFileType = sourcecode.c.h; path = LCLineChartView.h; sourceTree = "<group>"; };
		637F6E8F1A847D43000D0B32 /* LCLineChartView.m */ = {isa = PBXFileReference; fileEncoding = 4; lastKnownFileType = sourcecode.c.objc; path = LCLineChartView.m; sourceTree = "<group>"; };
		637F6E901A847D43000D0B32 /* LineChart.h */ = {isa = PBXFileReference; fileEncoding = 4; lastKnownFileType = sourcecode.c.h; path = LineChart.h; sourceTree = "<group>"; };
		637F6E911A847D43000D0B32 /* MyLineChart.h */ = {isa = PBXFileReference; fileEncoding = 4; lastKnownFileType = sourcecode.c.h; path = MyLineChart.h; sourceTree = "<group>"; };
		637F6E921A847D43000D0B32 /* MyLineChart.m */ = {isa = PBXFileReference; fileEncoding = 4; lastKnownFileType = sourcecode.c.objc; path = MyLineChart.m; sourceTree = "<group>"; };
		637F6E931A847D43000D0B32 /* UIKit+DrawingHelpers.h */ = {isa = PBXFileReference; fileEncoding = 4; lastKnownFileType = sourcecode.c.h; path = "UIKit+DrawingHelpers.h"; sourceTree = "<group>"; };
		637F6E941A847D43000D0B32 /* UIKit+DrawingHelpers.m */ = {isa = PBXFileReference; fileEncoding = 4; lastKnownFileType = sourcecode.c.objc; path = "UIKit+DrawingHelpers.m"; sourceTree = "<group>"; };
		637F6E961A847D43000D0B32 /* MBProgressHUD.h */ = {isa = PBXFileReference; fileEncoding = 4; lastKnownFileType = sourcecode.c.h; path = MBProgressHUD.h; sourceTree = "<group>"; };
		637F6E971A847D43000D0B32 /* MBProgressHUD.m */ = {isa = PBXFileReference; fileEncoding = 4; lastKnownFileType = sourcecode.c.objc; path = MBProgressHUD.m; sourceTree = "<group>"; };
		637F6E981A847D43000D0B32 /* ProgressHandler.h */ = {isa = PBXFileReference; fileEncoding = 4; lastKnownFileType = sourcecode.c.h; path = ProgressHandler.h; sourceTree = "<group>"; };
		637F6E991A847D43000D0B32 /* ProgressHandler.m */ = {isa = PBXFileReference; fileEncoding = 4; lastKnownFileType = sourcecode.c.objc; path = ProgressHandler.m; sourceTree = "<group>"; };
		637F6E9E1A847D43000D0B32 /* Constants.h */ = {isa = PBXFileReference; fileEncoding = 4; lastKnownFileType = sourcecode.c.h; path = Constants.h; sourceTree = "<group>"; };
		637F6E9F1A847D43000D0B32 /* LoggerHandler.h */ = {isa = PBXFileReference; fileEncoding = 4; lastKnownFileType = sourcecode.c.h; path = LoggerHandler.h; sourceTree = "<group>"; };
		637F6EA01A847D43000D0B32 /* LoggerHandler.m */ = {isa = PBXFileReference; fileEncoding = 4; lastKnownFileType = sourcecode.c.objc; path = LoggerHandler.m; sourceTree = "<group>"; };
		637F6EA11A847D43000D0B32 /* Reachability.h */ = {isa = PBXFileReference; fileEncoding = 4; lastKnownFileType = sourcecode.c.h; path = Reachability.h; sourceTree = "<group>"; };
		637F6EA21A847D43000D0B32 /* Reachability.m */ = {isa = PBXFileReference; fileEncoding = 4; lastKnownFileType = sourcecode.c.objc; path = Reachability.m; sourceTree = "<group>"; };
		637F6EA31A847D43000D0B32 /* ResourceHandler.h */ = {isa = PBXFileReference; fileEncoding = 4; lastKnownFileType = sourcecode.c.h; path = ResourceHandler.h; sourceTree = "<group>"; };
		637F6EA41A847D43000D0B32 /* ResourceHandler.m */ = {isa = PBXFileReference; fileEncoding = 4; lastKnownFileType = sourcecode.c.objc; path = ResourceHandler.m; sourceTree = "<group>"; };
		637F6EA51A847D43000D0B32 /* Utilities.h */ = {isa = PBXFileReference; fileEncoding = 4; lastKnownFileType = sourcecode.c.h; path = Utilities.h; sourceTree = "<group>"; };
		637F6EA61A847D43000D0B32 /* Utilities.m */ = {isa = PBXFileReference; fileEncoding = 4; lastKnownFileType = sourcecode.c.objc; path = Utilities.m; sourceTree = "<group>"; };
		637F6EA91A847D43000D0B32 /* AppDelegate.h */ = {isa = PBXFileReference; fileEncoding = 4; lastKnownFileType = sourcecode.c.h; path = AppDelegate.h; sourceTree = "<group>"; };
		637F6EAA1A847D43000D0B32 /* AppDelegate.m */ = {isa = PBXFileReference; fileEncoding = 4; lastKnownFileType = sourcecode.c.objc; path = AppDelegate.m; sourceTree = "<group>"; };
		637F6EAC1A847D43000D0B32 /* BaseViewController.h */ = {isa = PBXFileReference; fileEncoding = 4; lastKnownFileType = sourcecode.c.h; path = BaseViewController.h; sourceTree = "<group>"; };
		637F6EAD1A847D43000D0B32 /* BaseViewController.m */ = {isa = PBXFileReference; fileEncoding = 4; lastKnownFileType = sourcecode.c.objc; path = BaseViewController.m; sourceTree = "<group>"; };
		637F6EB01A847D43000D0B32 /* CharacteristicListTableViewCell.h */ = {isa = PBXFileReference; fileEncoding = 4; lastKnownFileType = sourcecode.c.h; path = CharacteristicListTableViewCell.h; sourceTree = "<group>"; };
		637F6EB11A847D43000D0B32 /* CharacteristicListTableViewCell.m */ = {isa = PBXFileReference; fileEncoding = 4; lastKnownFileType = sourcecode.c.objc; path = CharacteristicListTableViewCell.m; sourceTree = "<group>"; };
		637F6EB21A847D43000D0B32 /* GATTDBCharacteristicListViewController.h */ = {isa = PBXFileReference; fileEncoding = 4; lastKnownFileType = sourcecode.c.h; path = GATTDBCharacteristicListViewController.h; sourceTree = "<group>"; };
		637F6EB31A847D43000D0B32 /* GATTDBCharacteristicListViewController.m */ = {isa = PBXFileReference; fileEncoding = 4; lastKnownFileType = sourcecode.c.objc; path = GATTDBCharacteristicListViewController.m; sourceTree = "<group>"; };
		637F6EB51A847D43000D0B32 /* GATTDBDescriptorDetailsViewController.h */ = {isa = PBXFileReference; fileEncoding = 4; lastKnownFileType = sourcecode.c.h; path = GATTDBDescriptorDetailsViewController.h; sourceTree = "<group>"; };
		637F6EB61A847D43000D0B32 /* GATTDBDescriptorDetailsViewController.m */ = {isa = PBXFileReference; fileEncoding = 4; lastKnownFileType = sourcecode.c.objc; path = GATTDBDescriptorDetailsViewController.m; sourceTree = "<group>"; };
		637F6EB81A847D43000D0B32 /* DescriptorListTableViewCell.h */ = {isa = PBXFileReference; fileEncoding = 4; lastKnownFileType = sourcecode.c.h; path = DescriptorListTableViewCell.h; sourceTree = "<group>"; };
		637F6EB91A847D43000D0B32 /* DescriptorListTableViewCell.m */ = {isa = PBXFileReference; fileEncoding = 4; lastKnownFileType = sourcecode.c.objc; path = DescriptorListTableViewCell.m; sourceTree = "<group>"; };
		637F6EBA1A847D43000D0B32 /* GATTDBDescriptorListViewController.h */ = {isa = PBXFileReference; fileEncoding = 4; lastKnownFileType = sourcecode.c.h; path = GATTDBDescriptorListViewController.h; sourceTree = "<group>"; };
		637F6EBB1A847D43000D0B32 /* GATTDBDescriptorListViewController.m */ = {isa = PBXFileReference; fileEncoding = 4; lastKnownFileType = sourcecode.c.objc; path = GATTDBDescriptorListViewController.m; sourceTree = "<group>"; };
		637F6EBD1A847D43000D0B32 /* GATTDBDetailsViewController.h */ = {isa = PBXFileReference; fileEncoding = 4; lastKnownFileType = sourcecode.c.h; path = GATTDBDetailsViewController.h; sourceTree = "<group>"; };
		637F6EBE1A847D43000D0B32 /* GATTDBDetailsViewController.m */ = {isa = PBXFileReference; fileEncoding = 4; lastKnownFileType = sourcecode.c.objc; path = GATTDBDetailsViewController.m; sourceTree = "<group>"; };
		637F6EC01A847D43000D0B32 /* GATTDBServiceListViewController.h */ = {isa = PBXFileReference; fileEncoding = 4; lastKnownFileType = sourcecode.c.h; path = GATTDBServiceListViewController.h; sourceTree = "<group>"; };
		637F6EC11A847D43000D0B32 /* GATTDBServiceListViewController.m */ = {isa = PBXFileReference; fileEncoding = 4; lastKnownFileType = sourcecode.c.objc; path = GATTDBServiceListViewController.m; sourceTree = "<group>"; };
		637F6EC21A847D43000D0B32 /* ServiceListTableViewCell.h */ = {isa = PBXFileReference; fileEncoding = 4; lastKnownFileType = sourcecode.c.h; path = ServiceListTableViewCell.h; sourceTree = "<group>"; };
		637F6EC31A847D43000D0B32 /* ServiceListTableViewCell.m */ = {isa = PBXFileReference; fileEncoding = 4; lastKnownFileType = sourcecode.c.objc; path = ServiceListTableViewCell.m; sourceTree = "<group>"; };
		637F6EC51A847D43000D0B32 /* HomeViewController.h */ = {isa = PBXFileReference; fileEncoding = 4; lastKnownFileType = sourcecode.c.h; path = HomeViewController.h; sourceTree = "<group>"; };
		637F6EC61A847D43000D0B32 /* HomeViewController.m */ = {isa = PBXFileReference; fileEncoding = 4; lastKnownFileType = sourcecode.c.objc; path = HomeViewController.m; sourceTree = "<group>"; };
		637F6EC71A847D43000D0B32 /* ScannedPeripheralTableViewCell.h */ = {isa = PBXFileReference; fileEncoding = 4; lastKnownFileType = sourcecode.c.h; path = ScannedPeripheralTableViewCell.h; sourceTree = "<group>"; };
		637F6EC81A847D43000D0B32 /* ScannedPeripheralTableViewCell.m */ = {isa = PBXFileReference; fileEncoding = 4; lastKnownFileType = sourcecode.c.objc; path = ScannedPeripheralTableViewCell.m; sourceTree = "<group>"; };
		637F6ECA1A847D43000D0B32 /* LoggerViewController.h */ = {isa = PBXFileReference; fileEncoding = 4; lastKnownFileType = sourcecode.c.h; path = LoggerViewController.h; sourceTree = "<group>"; };
		637F6ECB1A847D43000D0B32 /* LoggerViewController.m */ = {isa = PBXFileReference; fileEncoding = 4; lastKnownFileType = sourcecode.c.objc; path = LoggerViewController.m; sourceTree = "<group>"; };
		637F6ECD1A847D43000D0B32 /* AboutView.h */ = {isa = PBXFileReference; fileEncoding = 4; lastKnownFileType = sourcecode.c.h; path = AboutView.h; sourceTree = "<group>"; };
		637F6ECE1A847D43000D0B32 /* AboutView.m */ = {isa = PBXFileReference; fileEncoding = 4; lastKnownFileType = sourcecode.c.objc; path = AboutView.m; sourceTree = "<group>"; };
		637F6ECF1A847D43000D0B32 /* AboutView.xib */ = {isa = PBXFileReference; fileEncoding = 4; lastKnownFileType = file.xib; name = AboutView.xib; path = Classes/ViewControllers/MenuView/AboutView.xib; sourceTree = "<group>"; };
		637F6ED01A847D43000D0B32 /* MenuTableViewCell.h */ = {isa = PBXFileReference; fileEncoding = 4; lastKnownFileType = sourcecode.c.h; path = MenuTableViewCell.h; sourceTree = "<group>"; };
		637F6ED11A847D43000D0B32 /* MenuTableViewCell.m */ = {isa = PBXFileReference; fileEncoding = 4; lastKnownFileType = sourcecode.c.objc; path = MenuTableViewCell.m; sourceTree = "<group>"; };
		637F6ED21A847D43000D0B32 /* MenuViewController.h */ = {isa = PBXFileReference; fileEncoding = 4; lastKnownFileType = sourcecode.c.h; path = MenuViewController.h; sourceTree = "<group>"; };
		637F6ED31A847D43000D0B32 /* MenuViewController.m */ = {isa = PBXFileReference; fileEncoding = 4; lastKnownFileType = sourcecode.c.objc; path = MenuViewController.m; sourceTree = "<group>"; };
		637F6ED51A847D43000D0B32 /* BatteryServiceVC.h */ = {isa = PBXFileReference; fileEncoding = 4; lastKnownFileType = sourcecode.c.h; path = BatteryServiceVC.h; sourceTree = "<group>"; };
		637F6ED61A847D43000D0B32 /* BatteryServiceVC.m */ = {isa = PBXFileReference; fileEncoding = 4; lastKnownFileType = sourcecode.c.objc; path = BatteryServiceVC.m; sourceTree = "<group>"; };
		637F6ED71A847D43000D0B32 /* BatteryServiceView.h */ = {isa = PBXFileReference; fileEncoding = 4; lastKnownFileType = sourcecode.c.h; path = BatteryServiceView.h; sourceTree = "<group>"; };
		637F6ED81A847D43000D0B32 /* BatteryServiceView.m */ = {isa = PBXFileReference; fileEncoding = 4; lastKnownFileType = sourcecode.c.objc; path = BatteryServiceView.m; sourceTree = "<group>"; };
		637F6ED91A847D43000D0B32 /* BatteryServiceView.xib */ = {isa = PBXFileReference; fileEncoding = 4; lastKnownFileType = file.xib; name = BatteryServiceView.xib; path = Classes/ViewControllers/ServiceView/BatteryServiceView.xib; sourceTree = "<group>"; };
		637F6EDA1A847D43000D0B32 /* BloodPressureViewController.h */ = {isa = PBXFileReference; fileEncoding = 4; lastKnownFileType = sourcecode.c.h; path = BloodPressureViewController.h; sourceTree = "<group>"; };
		637F6EDB1A847D43000D0B32 /* BloodPressureViewController.m */ = {isa = PBXFileReference; fileEncoding = 4; lastKnownFileType = sourcecode.c.objc; path = BloodPressureViewController.m; sourceTree = "<group>"; };
		637F6EDC1A847D43000D0B32 /* CapsenseButtonCollectionViewCell.h */ = {isa = PBXFileReference; fileEncoding = 4; lastKnownFileType = sourcecode.c.h; path = CapsenseButtonCollectionViewCell.h; sourceTree = "<group>"; };
		637F6EDD1A847D43000D0B32 /* CapsenseButtonCollectionViewCell.m */ = {isa = PBXFileReference; fileEncoding = 4; lastKnownFileType = sourcecode.c.objc; path = CapsenseButtonCollectionViewCell.m; sourceTree = "<group>"; };
		637F6EDE1A847D43000D0B32 /* CapsenseButtonVC.h */ = {isa = PBXFileReference; fileEncoding = 4; lastKnownFileType = sourcecode.c.h; path = CapsenseButtonVC.h; sourceTree = "<group>"; };
		637F6EDF1A847D43000D0B32 /* CapsenseButtonVC.m */ = {isa = PBXFileReference; fileEncoding = 4; lastKnownFileType = sourcecode.c.objc; lineEnding = 0; path = CapsenseButtonVC.m; sourceTree = "<group>"; xcLanguageSpecificationIdentifier = xcode.lang.objc; };
		637F6EE01A847D43000D0B32 /* CapsenseProximityVC.h */ = {isa = PBXFileReference; fileEncoding = 4; lastKnownFileType = sourcecode.c.h; path = CapsenseProximityVC.h; sourceTree = "<group>"; };
		637F6EE11A847D43000D0B32 /* CapsenseProximityVC.m */ = {isa = PBXFileReference; fileEncoding = 4; lastKnownFileType = sourcecode.c.objc; path = CapsenseProximityVC.m; sourceTree = "<group>"; };
		637F6EE21A847D43000D0B32 /* CapsenseRootVC.h */ = {isa = PBXFileReference; fileEncoding = 4; lastKnownFileType = sourcecode.c.h; path = CapsenseRootVC.h; sourceTree = "<group>"; };
		637F6EE31A847D43000D0B32 /* CapsenseRootVC.m */ = {isa = PBXFileReference; fileEncoding = 4; lastKnownFileType = sourcecode.c.objc; path = CapsenseRootVC.m; sourceTree = "<group>"; };
		637F6EE41A847D43000D0B32 /* CapsenseSliderViewController.h */ = {isa = PBXFileReference; fileEncoding = 4; lastKnownFileType = sourcecode.c.h; path = CapsenseSliderViewController.h; sourceTree = "<group>"; };
		637F6EE51A847D43000D0B32 /* CapsenseSliderViewController.m */ = {isa = PBXFileReference; fileEncoding = 4; lastKnownFileType = sourcecode.c.objc; path = CapsenseSliderViewController.m; sourceTree = "<group>"; };
		637F6EE61A847D43000D0B32 /* CyclingSpeedAndCadenceVC.h */ = {isa = PBXFileReference; fileEncoding = 4; lastKnownFileType = sourcecode.c.h; path = CyclingSpeedAndCadenceVC.h; sourceTree = "<group>"; };
		637F6EE71A847D43000D0B32 /* CyclingSpeedAndCadenceVC.m */ = {isa = PBXFileReference; fileEncoding = 4; lastKnownFileType = sourcecode.c.objc; path = CyclingSpeedAndCadenceVC.m; sourceTree = "<group>"; };
		637F6EE81A847D43000D0B32 /* DeviceInformationTableViewCell.h */ = {isa = PBXFileReference; fileEncoding = 4; lastKnownFileType = sourcecode.c.h; path = DeviceInformationTableViewCell.h; sourceTree = "<group>"; };
		637F6EE91A847D43000D0B32 /* DeviceInformationTableViewCell.m */ = {isa = PBXFileReference; fileEncoding = 4; lastKnownFileType = sourcecode.c.objc; path = DeviceInformationTableViewCell.m; sourceTree = "<group>"; };
		637F6EEA1A847D43000D0B32 /* DeviceInformationVC.h */ = {isa = PBXFileReference; fileEncoding = 4; lastKnownFileType = sourcecode.c.h; path = DeviceInformationVC.h; sourceTree = "<group>"; };
		637F6EEB1A847D43000D0B32 /* DeviceInformationVC.m */ = {isa = PBXFileReference; fileEncoding = 4; lastKnownFileType = sourcecode.c.objc; path = DeviceInformationVC.m; sourceTree = "<group>"; };
		637F6EEC1A847D43000D0B32 /* FindMeViewController.h */ = {isa = PBXFileReference; fileEncoding = 4; lastKnownFileType = sourcecode.c.h; path = FindMeViewController.h; sourceTree = "<group>"; };
		637F6EED1A847D43000D0B32 /* FindMeViewController.m */ = {isa = PBXFileReference; fileEncoding = 4; lastKnownFileType = sourcecode.c.objc; path = FindMeViewController.m; sourceTree = "<group>"; };
		637F6EEE1A847D43000D0B32 /* GlucoseViewController.h */ = {isa = PBXFileReference; fileEncoding = 4; lastKnownFileType = sourcecode.c.h; path = GlucoseViewController.h; sourceTree = "<group>"; };
		637F6EEF1A847D43000D0B32 /* GlucoseViewController.m */ = {isa = PBXFileReference; fileEncoding = 4; lastKnownFileType = sourcecode.c.objc; path = GlucoseViewController.m; sourceTree = "<group>"; };
		637F6EF01A847D43000D0B32 /* HealthThermometerVC.h */ = {isa = PBXFileReference; fileEncoding = 4; lastKnownFileType = sourcecode.c.h; path = HealthThermometerVC.h; sourceTree = "<group>"; };
		637F6EF11A847D43000D0B32 /* HealthThermometerVC.m */ = {isa = PBXFileReference; fileEncoding = 4; lastKnownFileType = sourcecode.c.objc; path = HealthThermometerVC.m; sourceTree = "<group>"; };
		637F6EF21A847D43000D0B32 /* HeartRateMesurementVC.h */ = {isa = PBXFileReference; fileEncoding = 4; lastKnownFileType = sourcecode.c.h; path = HeartRateMesurementVC.h; sourceTree = "<group>"; };
		637F6EF31A847D43000D0B32 /* HeartRateMesurementVC.m */ = {isa = PBXFileReference; fileEncoding = 4; lastKnownFileType = sourcecode.c.objc; path = HeartRateMesurementVC.m; sourceTree = "<group>"; };
		637F6EF41A847D43000D0B32 /* RGBViewController.h */ = {isa = PBXFileReference; fileEncoding = 4; lastKnownFileType = sourcecode.c.h; path = RGBViewController.h; sourceTree = "<group>"; };
		637F6EF51A847D43000D0B32 /* RGBViewController.m */ = {isa = PBXFileReference; fileEncoding = 4; lastKnownFileType = sourcecode.c.objc; path = RGBViewController.m; sourceTree = "<group>"; };
		637F6EF61A847D43000D0B32 /* RunningSpeedAndCadenceVC.h */ = {isa = PBXFileReference; fileEncoding = 4; lastKnownFileType = sourcecode.c.h; path = RunningSpeedAndCadenceVC.h; sourceTree = "<group>"; };
		637F6EF71A847D43000D0B32 /* RunningSpeedAndCadenceVC.m */ = {isa = PBXFileReference; fileEncoding = 4; lastKnownFileType = sourcecode.c.objc; path = RunningSpeedAndCadenceVC.m; sourceTree = "<group>"; };
		637F6EF91A847D43000D0B32 /* beep.mp3 */ = {isa = PBXFileReference; lastKnownFileType = audio.mp3; path = beep.mp3; sourceTree = "<group>"; };
		637F6EFB1A847D43000D0B32 /* Roboto-Bold.ttf */ = {isa = PBXFileReference; lastKnownFileType = file; path = "Roboto-Bold.ttf"; sourceTree = "<group>"; };
		637F6EFC1A847D43000D0B32 /* Roboto-Medium.ttf */ = {isa = PBXFileReference; lastKnownFileType = file; path = "Roboto-Medium.ttf"; sourceTree = "<group>"; };
		637F6EFD1A847D43000D0B32 /* Roboto-Regular.ttf */ = {isa = PBXFileReference; lastKnownFileType = file; path = "Roboto-Regular.ttf"; sourceTree = "<group>"; };
		637F6EFF1A847D43000D0B32 /* CharacteristicUUIDPList.plist */ = {isa = PBXFileReference; fileEncoding = 4; lastKnownFileType = text.plist.xml; path = CharacteristicUUIDPList.plist; sourceTree = "<group>"; };
		637F6F001A847D43000D0B32 /* serviceAndCharacteristicNames.plist */ = {isa = PBXFileReference; fileEncoding = 4; lastKnownFileType = text.plist.xml; path = serviceAndCharacteristicNames.plist; sourceTree = "<group>"; };
		637F6F011A847D43000D0B32 /* ServiceUUIDPList.plist */ = {isa = PBXFileReference; fileEncoding = 4; lastKnownFileType = text.plist.xml; path = ServiceUUIDPList.plist; sourceTree = "<group>"; };
		63CE12A31A753257004585FB /* CoreGraphics.framework */ = {isa = PBXFileReference; lastKnownFileType = wrapper.framework; name = CoreGraphics.framework; path = System/Library/Frameworks/CoreGraphics.framework; sourceTree = SDKROOT; };
		A3B9F7121AB04AA30030F041 /* OTAFileParser.h */ = {isa = PBXFileReference; fileEncoding = 4; lastKnownFileType = sourcecode.c.h; path = OTAFileParser.h; sourceTree = "<group>"; };
		A3B9F7131AB04AA30030F041 /* OTAFileParser.m */ = {isa = PBXFileReference; fileEncoding = 4; lastKnownFileType = sourcecode.c.objc; path = OTAFileParser.m; sourceTree = "<group>"; };
		A3B9F7181AB167EE0030F041 /* FirmwareFileSelectionViewController.h */ = {isa = PBXFileReference; fileEncoding = 4; lastKnownFileType = sourcecode.c.h; path = FirmwareFileSelectionViewController.h; sourceTree = "<group>"; };
		A3B9F7191AB167EE0030F041 /* FirmwareFileSelectionViewController.m */ = {isa = PBXFileReference; fileEncoding = 4; lastKnownFileType = sourcecode.c.objc; path = FirmwareFileSelectionViewController.m; sourceTree = "<group>"; };
		A3F93F511A8A1EFF003A0545 /* SensorHubViewController.h */ = {isa = PBXFileReference; fileEncoding = 4; lastKnownFileType = sourcecode.c.h; path = SensorHubViewController.h; sourceTree = "<group>"; };
		A3F93F521A8A1EFF003A0545 /* SensorHubViewController.m */ = {isa = PBXFileReference; fileEncoding = 4; lastKnownFileType = sourcecode.c.objc; path = SensorHubViewController.m; sourceTree = "<group>"; };
		A3FD2D7A1A931D8F0025FEFB /* DropDownView.h */ = {isa = PBXFileReference; fileEncoding = 4; lastKnownFileType = sourcecode.c.h; path = DropDownView.h; sourceTree = "<group>"; };
		A3FD2D7B1A931D8F0025FEFB /* DropDownView.m */ = {isa = PBXFileReference; fileEncoding = 4; lastKnownFileType = sourcecode.c.objc; path = DropDownView.m; sourceTree = "<group>"; };
		E31E06E21A6FF86E002FDFC2 /* AVFoundation.framework */ = {isa = PBXFileReference; lastKnownFileType = wrapper.framework; name = AVFoundation.framework; path = System/Library/Frameworks/AVFoundation.framework; sourceTree = SDKROOT; };
		E35864C51A9310B80052A892 /* BarometerModel.h */ = {isa = PBXFileReference; fileEncoding = 4; lastKnownFileType = sourcecode.c.h; path = BarometerModel.h; sourceTree = "<group>"; };
		E35864C61A9310B80052A892 /* BarometerModel.m */ = {isa = PBXFileReference; fileEncoding = 4; lastKnownFileType = sourcecode.c.objc; path = BarometerModel.m; sourceTree = "<group>"; };
		E374410C1AAECB2C008C3658 /* BootLoaderServiceModel.h */ = {isa = PBXFileReference; fileEncoding = 4; lastKnownFileType = sourcecode.c.h; path = BootLoaderServiceModel.h; sourceTree = "<group>"; };
		E374410D1AAECB2C008C3658 /* BootLoaderServiceModel.m */ = {isa = PBXFileReference; fileEncoding = 4; lastKnownFileType = sourcecode.c.objc; path = BootLoaderServiceModel.m; sourceTree = "<group>"; };
		E37A38C41B43B10C002DBD93 /* en */ = {isa = PBXFileReference; lastKnownFileType = text.plist.strings; name = en; path = CySmart/en.lproj/Localizable.strings; sourceTree = SOURCE_ROOT; };
		E38381971A5BCCDB00965563 /* CoreBluetooth.framework */ = {isa = PBXFileReference; lastKnownFileType = wrapper.framework; name = CoreBluetooth.framework; path = System/Library/Frameworks/CoreBluetooth.framework; sourceTree = SDKROOT; };
		E3CC8EAB1A971BD2003EB5A2 /* CharacteristicFormatPList.plist */ = {isa = PBXFileReference; fileEncoding = 4; lastKnownFileType = text.plist.xml; path = CharacteristicFormatPList.plist; sourceTree = "<group>"; };
		E3CEF23B1B56A30E00F70B33 /* GlucoseContextVC.h */ = {isa = PBXFileReference; fileEncoding = 4; lastKnownFileType = sourcecode.c.h; path = GlucoseContextVC.h; sourceTree = "<group>"; };
		E3CEF23C1B56A30E00F70B33 /* GlucoseContextVC.m */ = {isa = PBXFileReference; fileEncoding = 4; lastKnownFileType = sourcecode.c.objc; path = GlucoseContextVC.m; sourceTree = "<group>"; };
		E3CEF23E1B56A34700F70B33 /* ContextTableViewCell.h */ = {isa = PBXFileReference; fileEncoding = 4; lastKnownFileType = sourcecode.c.h; path = ContextTableViewCell.h; sourceTree = "<group>"; };
		E3CEF23F1B56A34700F70B33 /* ContextTableViewCell.m */ = {isa = PBXFileReference; fileEncoding = 4; lastKnownFileType = sourcecode.c.objc; path = ContextTableViewCell.m; sourceTree = "<group>"; };
		E3E6C52C1A91EC2C00350E7E /* AccelerometerModel.h */ = {isa = PBXFileReference; fileEncoding = 4; lastKnownFileType = sourcecode.c.h; path = AccelerometerModel.h; sourceTree = "<group>"; };
		E3E6C52D1A91EC2C00350E7E /* AccelerometerModel.m */ = {isa = PBXFileReference; fileEncoding = 4; lastKnownFileType = sourcecode.c.objc; path = AccelerometerModel.m; sourceTree = "<group>"; };
		E3E6C52F1A921D4F00350E7E /* TemperatureModel.h */ = {isa = PBXFileReference; fileEncoding = 4; lastKnownFileType = sourcecode.c.h; path = TemperatureModel.h; sourceTree = "<group>"; };
		E3E6C5301A921D4F00350E7E /* TemperatureModel.m */ = {isa = PBXFileReference; fileEncoding = 4; lastKnownFileType = sourcecode.c.objc; path = TemperatureModel.m; sourceTree = "<group>"; };
		E3E9A1011B22E05900236D6B /* UIView+Toast.h */ = {isa = PBXFileReference; fileEncoding = 4; lastKnownFileType = sourcecode.c.h; path = "UIView+Toast.h"; sourceTree = "<group>"; };
		E3E9A1021B22E05900236D6B /* UIView+Toast.m */ = {isa = PBXFileReference; fileEncoding = 4; lastKnownFileType = sourcecode.c.objc; path = "UIView+Toast.m"; sourceTree = "<group>"; };
		E3F3BC7E1AF8D87800286257 /* DataLoggerModel.xcdatamodel */ = {isa = PBXFileReference; lastKnownFileType = wrapper.xcdatamodel; path = DataLoggerModel.xcdatamodel; sourceTree = "<group>"; };
		E3F3BC831AF8D94F00286257 /* CoreDataHandler.h */ = {isa = PBXFileReference; fileEncoding = 4; lastKnownFileType = sourcecode.c.h; path = CoreDataHandler.h; sourceTree = "<group>"; };
		E3F3BC841AF8D94F00286257 /* CoreDataHandler.m */ = {isa = PBXFileReference; fileEncoding = 4; lastKnownFileType = sourcecode.c.objc; path = CoreDataHandler.m; sourceTree = "<group>"; };
		E3F3BC891AF90C5C00286257 /* Logger.h */ = {isa = PBXFileReference; fileEncoding = 4; lastKnownFileType = sourcecode.c.h; path = Logger.h; sourceTree = "<group>"; };
		E3F3BC8A1AF90C5C00286257 /* Logger.m */ = {isa = PBXFileReference; fileEncoding = 4; lastKnownFileType = sourcecode.c.objc; path = Logger.m; sourceTree = "<group>"; };
		E3FC7F3E1A943FA60015A396 /* SensorHubModel.h */ = {isa = PBXFileReference; fileEncoding = 4; lastKnownFileType = sourcecode.c.h; path = SensorHubModel.h; sourceTree = "<group>"; };
		E3FC7F3F1A943FA60015A396 /* SensorHubModel.m */ = {isa = PBXFileReference; fileEncoding = 4; lastKnownFileType = sourcecode.c.objc; path = SensorHubModel.m; sourceTree = "<group>"; };
		E956BCC81A5BA68500B6F0CB /* CySmart.app */ = {isa = PBXFileReference; explicitFileType = wrapper.application; includeInIndex = 0; path = CySmart.app; sourceTree = BUILT_PRODUCTS_DIR; };
		E956BCCC1A5BA68500B6F0CB /* Info.plist */ = {isa = PBXFileReference; lastKnownFileType = text.plist.xml; path = Info.plist; sourceTree = "<group>"; };
		E956BCCD1A5BA68500B6F0CB /* main.m */ = {isa = PBXFileReference; lastKnownFileType = sourcecode.c.objc; path = main.m; sourceTree = "<group>"; };
		E956BCD61A5BA68500B6F0CB /* Base */ = {isa = PBXFileReference; lastKnownFileType = file.storyboard; name = Base; path = Base.lproj/Main.storyboard; sourceTree = "<group>"; };
		E956BCD81A5BA68500B6F0CB /* Images.xcassets */ = {isa = PBXFileReference; lastKnownFileType = folder.assetcatalog; path = Images.xcassets; sourceTree = "<group>"; };
		E956BCDB1A5BA68500B6F0CB /* Base */ = {isa = PBXFileReference; lastKnownFileType = file.xib; name = Base; path = Base.lproj/LaunchScreen.xib; sourceTree = "<group>"; };
		E956BCE11A5BA68500B6F0CB /* CySmartTests.xctest */ = {isa = PBXFileReference; explicitFileType = wrapper.cfbundle; includeInIndex = 0; path = CySmartTests.xctest; sourceTree = BUILT_PRODUCTS_DIR; };
		E956BCE61A5BA68500B6F0CB /* Info.plist */ = {isa = PBXFileReference; lastKnownFileType = text.plist.xml; path = Info.plist; sourceTree = "<group>"; };
		E956BCE71A5BA68500B6F0CB /* CySmartTests.m */ = {isa = PBXFileReference; lastKnownFileType = sourcecode.c.objc; path = CySmartTests.m; sourceTree = "<group>"; };
/* End PBXFileReference section */

/* Begin PBXFrameworksBuildPhase section */
		E956BCC51A5BA68500B6F0CB /* Frameworks */ = {
			isa = PBXFrameworksBuildPhase;
			buildActionMask = 2147483647;
			files = (
				093699E5246AC394003B6202 /* UserNotifications.framework in Frameworks */,
				63CE12A41A753257004585FB /* CoreGraphics.framework in Frameworks */,
				E31E06E31A6FF86E002FDFC2 /* AVFoundation.framework in Frameworks */,
				E38381981A5BCCDB00965563 /* CoreBluetooth.framework in Frameworks */,
			);
			runOnlyForDeploymentPostprocessing = 0;
		};
		E956BCDE1A5BA68500B6F0CB /* Frameworks */ = {
			isa = PBXFrameworksBuildPhase;
			buildActionMask = 2147483647;
			files = (
			);
			runOnlyForDeploymentPostprocessing = 0;
		};
/* End PBXFrameworksBuildPhase section */

/* Begin PBXGroup section */
		093699E3246AC394003B6202 /* Frameworks */ = {
			isa = PBXGroup;
			children = (
				093699E4246AC394003B6202 /* UserNotifications.framework */,
			);
			name = Frameworks;
			sourceTree = "<group>";
		};
		637F6E5F1A847D43000D0B32 /* Classes */ = {
			isa = PBXGroup;
			children = (
				637F6E601A847D43000D0B32 /* Carousel */,
				637F6E661A847D43000D0B32 /* CBManager */,
				637F6E821A847D43000D0B32 /* CustomControl */,
				637F6E9D1A847D43000D0B32 /* UtilClasses */,
				637F6EA71A847D43000D0B32 /* ViewControllers */,
			);
			path = Classes;
			sourceTree = "<group>";
		};
		637F6E601A847D43000D0B32 /* Carousel */ = {
			isa = PBXGroup;
			children = (
				637F6E611A847D43000D0B32 /* CarouselViewController.h */,
				637F6E621A847D43000D0B32 /* CarouselViewController.m */,
				637F6E631A847D43000D0B32 /* iCarousel */,
			);
			path = Carousel;
			sourceTree = "<group>";
		};
		637F6E631A847D43000D0B32 /* iCarousel */ = {
			isa = PBXGroup;
			children = (
				637F6E641A847D43000D0B32 /* iCarousel.h */,
				637F6E651A847D43000D0B32 /* iCarousel.m */,
			);
			path = iCarousel;
			sourceTree = "<group>";
		};
		637F6E661A847D43000D0B32 /* CBManager */ = {
			isa = PBXGroup;
			children = (
				637F6E671A847D43000D0B32 /* CyCBManager.h */,
				637F6E681A847D43000D0B32 /* CyCBManager.m */,
				637F6E691A847D43000D0B32 /* CBPeripheralExt.h */,
				637F6E6A1A847D43000D0B32 /* CBPeripheralExt.m */,
				637F6E6B1A847D43000D0B32 /* CharacterModel */,
			);
			path = CBManager;
			sourceTree = "<group>";
		};
		637F6E6B1A847D43000D0B32 /* CharacterModel */ = {
			isa = PBXGroup;
			children = (
				E3E6C5321A922DA900350E7E /* SensorHub */,
				637F6E6C1A847D43000D0B32 /* BatteryServiceModel.h */,
				637F6E6D1A847D43000D0B32 /* BatteryServiceModel.m */,
				637F6E6E1A847D43000D0B32 /* BPModel.h */,
				637F6E6F1A847D43000D0B32 /* BPModel.m */,
				637F6E701A847D43000D0B32 /* capsenseModel.h */,
				637F6E711A847D43000D0B32 /* capsenseModel.m */,
				637F6E721A847D43000D0B32 /* CSCModel.h */,
				637F6E731A847D43000D0B32 /* CSCModel.m */,
				637F6E741A847D43000D0B32 /* DevieInformationModel.h */,
				637F6E751A847D43000D0B32 /* DevieInformationModel.m */,
				637F6E761A847D43000D0B32 /* FindMeModel.h */,
				637F6E771A847D43000D0B32 /* FindMeModel.m */,
				637F6E781A847D43000D0B32 /* GlucoseModel.h */,
				637F6E791A847D43000D0B32 /* GlucoseModel.m */,
				637F6E7A1A847D43000D0B32 /* HRMModel.h */,
				637F6E7B1A847D43000D0B32 /* HRMModel.m */,
				637F6E7C1A847D43000D0B32 /* RGBModel.h */,
				637F6E7D1A847D43000D0B32 /* RGBModel.m */,
				637F6E7E1A847D43000D0B32 /* RSCModel.h */,
				637F6E7F1A847D43000D0B32 /* RSCModel.m */,
				637F6E801A847D43000D0B32 /* ThermometerModel.h */,
				637F6E811A847D43000D0B32 /* ThermometerModel.m */,
				E374410C1AAECB2C008C3658 /* BootLoaderServiceModel.h */,
				E374410D1AAECB2C008C3658 /* BootLoaderServiceModel.m */,
			);
			path = CharacterModel;
			sourceTree = "<group>";
		};
		637F6E821A847D43000D0B32 /* CustomControl */ = {
			isa = PBXGroup;
			children = (
				E3E9A1001B22E04200236D6B /* Toast Message */,
				637F6E831A847D43000D0B32 /* HexKeyboard */,
				637F6E861A847D43000D0B32 /* KLCPopup */,
				637F6E891A847D43000D0B32 /* LineChart */,
				637F6E951A847D43000D0B32 /* ProgressView */,
			);
			path = CustomControl;
			sourceTree = "<group>";
		};
		637F6E831A847D43000D0B32 /* HexKeyboard */ = {
			isa = PBXGroup;
			children = (
				637F6E841A847D43000D0B32 /* MRHexKeyboard.h */,
				637F6E851A847D43000D0B32 /* MRHexKeyboard.m */,
			);
			path = HexKeyboard;
			sourceTree = "<group>";
		};
		637F6E861A847D43000D0B32 /* KLCPopup */ = {
			isa = PBXGroup;
			children = (
				637F6E871A847D43000D0B32 /* KLCPopup.h */,
				637F6E881A847D43000D0B32 /* KLCPopup.m */,
			);
			path = KLCPopup;
			sourceTree = "<group>";
		};
		637F6E891A847D43000D0B32 /* LineChart */ = {
			isa = PBXGroup;
			children = (
				637F6E8A1A847D43000D0B32 /* LCInfoView.h */,
				637F6E8B1A847D43000D0B32 /* LCInfoView.m */,
				637F6E8C1A847D43000D0B32 /* LCLegendView.h */,
				637F6E8D1A847D43000D0B32 /* LCLegendView.m */,
				637F6E8E1A847D43000D0B32 /* LCLineChartView.h */,
				637F6E8F1A847D43000D0B32 /* LCLineChartView.m */,
				637F6E901A847D43000D0B32 /* LineChart.h */,
				637F6E911A847D43000D0B32 /* MyLineChart.h */,
				637F6E921A847D43000D0B32 /* MyLineChart.m */,
				637F6E931A847D43000D0B32 /* UIKit+DrawingHelpers.h */,
				637F6E941A847D43000D0B32 /* UIKit+DrawingHelpers.m */,
			);
			path = LineChart;
			sourceTree = "<group>";
		};
		637F6E951A847D43000D0B32 /* ProgressView */ = {
			isa = PBXGroup;
			children = (
				637F6E961A847D43000D0B32 /* MBProgressHUD.h */,
				637F6E971A847D43000D0B32 /* MBProgressHUD.m */,
				637F6E981A847D43000D0B32 /* ProgressHandler.h */,
				637F6E991A847D43000D0B32 /* ProgressHandler.m */,
			);
			path = ProgressView;
			sourceTree = "<group>";
		};
		637F6E9D1A847D43000D0B32 /* UtilClasses */ = {
			isa = PBXGroup;
			children = (
				096B068E212DDAAE0098228E /* NSString+hex.h */,
				096B068F212DDAAE0098228E /* NSString+hex.m */,
				637F6E9E1A847D43000D0B32 /* Constants.h */,
				637F6E9F1A847D43000D0B32 /* LoggerHandler.h */,
				637F6EA01A847D43000D0B32 /* LoggerHandler.m */,
				637F6EA11A847D43000D0B32 /* Reachability.h */,
				637F6EA21A847D43000D0B32 /* Reachability.m */,
				637F6EA31A847D43000D0B32 /* ResourceHandler.h */,
				637F6EA41A847D43000D0B32 /* ResourceHandler.m */,
				637F6EA51A847D43000D0B32 /* Utilities.h */,
				637F6EA61A847D43000D0B32 /* Utilities.m */,
				A3FD2D7A1A931D8F0025FEFB /* DropDownView.h */,
				A3FD2D7B1A931D8F0025FEFB /* DropDownView.m */,
				E3F3BC831AF8D94F00286257 /* CoreDataHandler.h */,
				E3F3BC841AF8D94F00286257 /* CoreDataHandler.m */,
				0932087F210F54F300CAC396 /* NSData+hexString.h */,
				09320880210F550100CAC396 /* NSData+hexString.m */,
				09B374102451806B00597EE4 /* UIAlertController+Additions.h */,
				09B374112451806B00597EE4 /* UIAlertController+Additions.m */,
				09D0CC85246D2486003C773A /* UNUserNotificationCenter+Additions.h */,
				09D0CC86246D2486003C773A /* UNUserNotificationCenter+Additions.m */,
			);
			path = UtilClasses;
			sourceTree = "<group>";
		};
		637F6EA71A847D43000D0B32 /* ViewControllers */ = {
			isa = PBXGroup;
			children = (
				A3B9F7111AB04A7D0030F041 /* OTA */,
				A3F93F501A8A1EE9003A0545 /* Sensor Hub */,
				637F6EA81A847D43000D0B32 /* AppDelegate */,
				637F6EAB1A847D43000D0B32 /* BaseView */,
				637F6EAE1A847D43000D0B32 /* GATTDB */,
				637F6EC41A847D43000D0B32 /* HomeView */,
				637F6EC91A847D43000D0B32 /* LoggerView */,
				637F6ECC1A847D43000D0B32 /* MenuView */,
				637F6ED41A847D43000D0B32 /* ServiceView */,
			);
			path = ViewControllers;
			sourceTree = "<group>";
		};
		637F6EA81A847D43000D0B32 /* AppDelegate */ = {
			isa = PBXGroup;
			children = (
				637F6EA91A847D43000D0B32 /* AppDelegate.h */,
				637F6EAA1A847D43000D0B32 /* AppDelegate.m */,
			);
			path = AppDelegate;
			sourceTree = "<group>";
		};
		637F6EAB1A847D43000D0B32 /* BaseView */ = {
			isa = PBXGroup;
			children = (
				637F6EAC1A847D43000D0B32 /* BaseViewController.h */,
				637F6EAD1A847D43000D0B32 /* BaseViewController.m */,
			);
			path = BaseView;
			sourceTree = "<group>";
		};
		637F6EAE1A847D43000D0B32 /* GATTDB */ = {
			isa = PBXGroup;
			children = (
				637F6EAF1A847D43000D0B32 /* GATTDBCharacteristicList */,
				637F6EB41A847D43000D0B32 /* GATTDBDescriptorDetails */,
				637F6EB71A847D43000D0B32 /* GATTDBDescriptorList */,
				637F6EBC1A847D43000D0B32 /* GATTDBDetails */,
				637F6EBF1A847D43000D0B32 /* GATTDBServiceList */,
			);
			path = GATTDB;
			sourceTree = "<group>";
		};
		637F6EAF1A847D43000D0B32 /* GATTDBCharacteristicList */ = {
			isa = PBXGroup;
			children = (
				637F6EB01A847D43000D0B32 /* CharacteristicListTableViewCell.h */,
				637F6EB11A847D43000D0B32 /* CharacteristicListTableViewCell.m */,
				637F6EB21A847D43000D0B32 /* GATTDBCharacteristicListViewController.h */,
				637F6EB31A847D43000D0B32 /* GATTDBCharacteristicListViewController.m */,
			);
			path = GATTDBCharacteristicList;
			sourceTree = "<group>";
		};
		637F6EB41A847D43000D0B32 /* GATTDBDescriptorDetails */ = {
			isa = PBXGroup;
			children = (
				637F6EB51A847D43000D0B32 /* GATTDBDescriptorDetailsViewController.h */,
				637F6EB61A847D43000D0B32 /* GATTDBDescriptorDetailsViewController.m */,
			);
			path = GATTDBDescriptorDetails;
			sourceTree = "<group>";
		};
		637F6EB71A847D43000D0B32 /* GATTDBDescriptorList */ = {
			isa = PBXGroup;
			children = (
				637F6EB81A847D43000D0B32 /* DescriptorListTableViewCell.h */,
				637F6EB91A847D43000D0B32 /* DescriptorListTableViewCell.m */,
				637F6EBA1A847D43000D0B32 /* GATTDBDescriptorListViewController.h */,
				637F6EBB1A847D43000D0B32 /* GATTDBDescriptorListViewController.m */,
			);
			path = GATTDBDescriptorList;
			sourceTree = "<group>";
		};
		637F6EBC1A847D43000D0B32 /* GATTDBDetails */ = {
			isa = PBXGroup;
			children = (
				637F6EBD1A847D43000D0B32 /* GATTDBDetailsViewController.h */,
				637F6EBE1A847D43000D0B32 /* GATTDBDetailsViewController.m */,
			);
			path = GATTDBDetails;
			sourceTree = "<group>";
		};
		637F6EBF1A847D43000D0B32 /* GATTDBServiceList */ = {
			isa = PBXGroup;
			children = (
				637F6EC01A847D43000D0B32 /* GATTDBServiceListViewController.h */,
				637F6EC11A847D43000D0B32 /* GATTDBServiceListViewController.m */,
				637F6EC21A847D43000D0B32 /* ServiceListTableViewCell.h */,
				637F6EC31A847D43000D0B32 /* ServiceListTableViewCell.m */,
			);
			path = GATTDBServiceList;
			sourceTree = "<group>";
		};
		637F6EC41A847D43000D0B32 /* HomeView */ = {
			isa = PBXGroup;
			children = (
				637F6EC51A847D43000D0B32 /* HomeViewController.h */,
				637F6EC61A847D43000D0B32 /* HomeViewController.m */,
				637F6EC71A847D43000D0B32 /* ScannedPeripheralTableViewCell.h */,
				637F6EC81A847D43000D0B32 /* ScannedPeripheralTableViewCell.m */,
			);
			path = HomeView;
			sourceTree = "<group>";
		};
		637F6EC91A847D43000D0B32 /* LoggerView */ = {
			isa = PBXGroup;
			children = (
				637F6ECA1A847D43000D0B32 /* LoggerViewController.h */,
				637F6ECB1A847D43000D0B32 /* LoggerViewController.m */,
			);
			path = LoggerView;
			sourceTree = "<group>";
		};
		637F6ECC1A847D43000D0B32 /* MenuView */ = {
			isa = PBXGroup;
			children = (
				637F6ECD1A847D43000D0B32 /* AboutView.h */,
				637F6ECE1A847D43000D0B32 /* AboutView.m */,
				637F6ED01A847D43000D0B32 /* MenuTableViewCell.h */,
				637F6ED11A847D43000D0B32 /* MenuTableViewCell.m */,
				637F6ED21A847D43000D0B32 /* MenuViewController.h */,
				637F6ED31A847D43000D0B32 /* MenuViewController.m */,
			);
			path = MenuView;
			sourceTree = "<group>";
		};
		637F6ED41A847D43000D0B32 /* ServiceView */ = {
			isa = PBXGroup;
			children = (
				E3CEF2361B56A22100F70B33 /* Glucose */,
				637F6ED51A847D43000D0B32 /* BatteryServiceVC.h */,
				637F6ED61A847D43000D0B32 /* BatteryServiceVC.m */,
				637F6ED71A847D43000D0B32 /* BatteryServiceView.h */,
				637F6ED81A847D43000D0B32 /* BatteryServiceView.m */,
				637F6EDA1A847D43000D0B32 /* BloodPressureViewController.h */,
				637F6EDB1A847D43000D0B32 /* BloodPressureViewController.m */,
				637F6EDC1A847D43000D0B32 /* CapsenseButtonCollectionViewCell.h */,
				637F6EDD1A847D43000D0B32 /* CapsenseButtonCollectionViewCell.m */,
				637F6EDE1A847D43000D0B32 /* CapsenseButtonVC.h */,
				637F6EDF1A847D43000D0B32 /* CapsenseButtonVC.m */,
				637F6EE01A847D43000D0B32 /* CapsenseProximityVC.h */,
				637F6EE11A847D43000D0B32 /* CapsenseProximityVC.m */,
				637F6EE21A847D43000D0B32 /* CapsenseRootVC.h */,
				637F6EE31A847D43000D0B32 /* CapsenseRootVC.m */,
				637F6EE41A847D43000D0B32 /* CapsenseSliderViewController.h */,
				637F6EE51A847D43000D0B32 /* CapsenseSliderViewController.m */,
				637F6EE61A847D43000D0B32 /* CyclingSpeedAndCadenceVC.h */,
				637F6EE71A847D43000D0B32 /* CyclingSpeedAndCadenceVC.m */,
				637F6EE81A847D43000D0B32 /* DeviceInformationTableViewCell.h */,
				637F6EE91A847D43000D0B32 /* DeviceInformationTableViewCell.m */,
				637F6EEA1A847D43000D0B32 /* DeviceInformationVC.h */,
				637F6EEB1A847D43000D0B32 /* DeviceInformationVC.m */,
				637F6EEC1A847D43000D0B32 /* FindMeViewController.h */,
				637F6EED1A847D43000D0B32 /* FindMeViewController.m */,
				637F6EF01A847D43000D0B32 /* HealthThermometerVC.h */,
				637F6EF11A847D43000D0B32 /* HealthThermometerVC.m */,
				637F6EF21A847D43000D0B32 /* HeartRateMesurementVC.h */,
				637F6EF31A847D43000D0B32 /* HeartRateMesurementVC.m */,
				637F6EF41A847D43000D0B32 /* RGBViewController.h */,
				637F6EF51A847D43000D0B32 /* RGBViewController.m */,
				637F6EF61A847D43000D0B32 /* RunningSpeedAndCadenceVC.h */,
				637F6EF71A847D43000D0B32 /* RunningSpeedAndCadenceVC.m */,
			);
			path = ServiceView;
			sourceTree = "<group>";
		};
		637F6EF81A847D43000D0B32 /* Resources */ = {
			isa = PBXGroup;
			children = (
				E37A38C31B43B10C002DBD93 /* Localizable.strings */,
				637F6EF91A847D43000D0B32 /* beep.mp3 */,
				637F6EFA1A847D43000D0B32 /* Fonts */,
				637F6EFE1A847D43000D0B32 /* Plist */,
				E3F3BC7D1AF8D87800286257 /* DataLoggerModel.xcdatamodeld */,
				E3F3BC891AF90C5C00286257 /* Logger.h */,
				E3F3BC8A1AF90C5C00286257 /* Logger.m */,
			);
			path = Resources;
			sourceTree = "<group>";
		};
		637F6EFA1A847D43000D0B32 /* Fonts */ = {
			isa = PBXGroup;
			children = (
				637F6EFB1A847D43000D0B32 /* Roboto-Bold.ttf */,
				637F6EFC1A847D43000D0B32 /* Roboto-Medium.ttf */,
				637F6EFD1A847D43000D0B32 /* Roboto-Regular.ttf */,
			);
			path = Fonts;
			sourceTree = "<group>";
		};
		637F6EFE1A847D43000D0B32 /* Plist */ = {
			isa = PBXGroup;
			children = (
				637F6EFF1A847D43000D0B32 /* CharacteristicUUIDPList.plist */,
				637F6F001A847D43000D0B32 /* serviceAndCharacteristicNames.plist */,
				637F6F011A847D43000D0B32 /* ServiceUUIDPList.plist */,
				E3CC8EAB1A971BD2003EB5A2 /* CharacteristicFormatPList.plist */,
			);
			path = Plist;
			sourceTree = "<group>";
		};
		A3B9F7111AB04A7D0030F041 /* OTA */ = {
			isa = PBXGroup;
			children = (
				0905140923CDBE5100C636FB /* FirmwareUpgradeHomeViewController.h */,
				0905140823CDBE5100C636FB /* FirmwareUpgradeHomeViewController.m */,
				A3B9F7121AB04AA30030F041 /* OTAFileParser.h */,
				A3B9F7131AB04AA30030F041 /* OTAFileParser.m */,
				A3B9F7181AB167EE0030F041 /* FirmwareFileSelectionViewController.h */,
				A3B9F7191AB167EE0030F041 /* FirmwareFileSelectionViewController.m */,
			);
			path = OTA;
			sourceTree = "<group>";
		};
		A3F93F501A8A1EE9003A0545 /* Sensor Hub */ = {
			isa = PBXGroup;
			children = (
				A3F93F511A8A1EFF003A0545 /* SensorHubViewController.h */,
				A3F93F521A8A1EFF003A0545 /* SensorHubViewController.m */,
			);
			path = "Sensor Hub";
			sourceTree = "<group>";
		};
		E31865801A5D319300958804 /* Resources */ = {
			isa = PBXGroup;
			children = (
			);
			name = Resources;
			sourceTree = "<group>";
		};
		E3CEF2361B56A22100F70B33 /* Glucose */ = {
			isa = PBXGroup;
			children = (
				637F6EEE1A847D43000D0B32 /* GlucoseViewController.h */,
				637F6EEF1A847D43000D0B32 /* GlucoseViewController.m */,
				E3CEF23B1B56A30E00F70B33 /* GlucoseContextVC.h */,
				E3CEF23C1B56A30E00F70B33 /* GlucoseContextVC.m */,
				E3CEF23E1B56A34700F70B33 /* ContextTableViewCell.h */,
				E3CEF23F1B56A34700F70B33 /* ContextTableViewCell.m */,
			);
			name = Glucose;
			sourceTree = "<group>";
		};
		E3E6C5321A922DA900350E7E /* SensorHub */ = {
			isa = PBXGroup;
			children = (
				E3E6C52C1A91EC2C00350E7E /* AccelerometerModel.h */,
				E3E6C52D1A91EC2C00350E7E /* AccelerometerModel.m */,
				E3E6C52F1A921D4F00350E7E /* TemperatureModel.h */,
				E3E6C5301A921D4F00350E7E /* TemperatureModel.m */,
				E35864C51A9310B80052A892 /* BarometerModel.h */,
				E35864C61A9310B80052A892 /* BarometerModel.m */,
				E3FC7F3E1A943FA60015A396 /* SensorHubModel.h */,
				E3FC7F3F1A943FA60015A396 /* SensorHubModel.m */,
			);
			name = SensorHub;
			sourceTree = "<group>";
		};
		E3E9A1001B22E04200236D6B /* Toast Message */ = {
			isa = PBXGroup;
			children = (
				E3E9A1011B22E05900236D6B /* UIView+Toast.h */,
				E3E9A1021B22E05900236D6B /* UIView+Toast.m */,
			);
			name = "Toast Message";
			sourceTree = "<group>";
		};
		E94587E31A5EA667000EE4AB /* Frameworks */ = {
			isa = PBXGroup;
			children = (
				63CE12A31A753257004585FB /* CoreGraphics.framework */,
				E31E06E21A6FF86E002FDFC2 /* AVFoundation.framework */,
				E38381971A5BCCDB00965563 /* CoreBluetooth.framework */,
			);
			name = Frameworks;
			sourceTree = "<group>";
		};
		E956BCBF1A5BA68500B6F0CB = {
			isa = PBXGroup;
			children = (
				E956BCCA1A5BA68500B6F0CB /* CySmart */,
				E956BCE41A5BA68500B6F0CB /* CySmartTests */,
				E956BCC91A5BA68500B6F0CB /* Products */,
				093699E3246AC394003B6202 /* Frameworks */,
			);
			sourceTree = "<group>";
		};
		E956BCC91A5BA68500B6F0CB /* Products */ = {
			isa = PBXGroup;
			children = (
				E956BCC81A5BA68500B6F0CB /* CySmart.app */,
				E956BCE11A5BA68500B6F0CB /* CySmartTests.xctest */,
			);
			name = Products;
			sourceTree = "<group>";
		};
		E956BCCA1A5BA68500B6F0CB /* CySmart */ = {
			isa = PBXGroup;
			children = (
				637F6E5F1A847D43000D0B32 /* Classes */,
				637F6EF81A847D43000D0B32 /* Resources */,
				E956BCD51A5BA68500B6F0CB /* Main.storyboard */,
				637F6ECF1A847D43000D0B32 /* AboutView.xib */,
				637F6ED91A847D43000D0B32 /* BatteryServiceView.xib */,
				E956BCD81A5BA68500B6F0CB /* Images.xcassets */,
				E956BCDA1A5BA68500B6F0CB /* LaunchScreen.xib */,
				E956BCCB1A5BA68500B6F0CB /* Supporting Files */,
				E94587E31A5EA667000EE4AB /* Frameworks */,
			);
			path = CySmart;
			sourceTree = "<group>";
		};
		E956BCCB1A5BA68500B6F0CB /* Supporting Files */ = {
			isa = PBXGroup;
			children = (
				E31865801A5D319300958804 /* Resources */,
				E956BCCC1A5BA68500B6F0CB /* Info.plist */,
				E956BCCD1A5BA68500B6F0CB /* main.m */,
			);
			name = "Supporting Files";
			sourceTree = "<group>";
		};
		E956BCE41A5BA68500B6F0CB /* CySmartTests */ = {
			isa = PBXGroup;
			children = (
				E956BCE71A5BA68500B6F0CB /* CySmartTests.m */,
				E956BCE51A5BA68500B6F0CB /* Supporting Files */,
			);
			path = CySmartTests;
			sourceTree = "<group>";
		};
		E956BCE51A5BA68500B6F0CB /* Supporting Files */ = {
			isa = PBXGroup;
			children = (
				E956BCE61A5BA68500B6F0CB /* Info.plist */,
			);
			name = "Supporting Files";
			sourceTree = "<group>";
		};
/* End PBXGroup section */

/* Begin PBXNativeTarget section */
		E956BCC71A5BA68500B6F0CB /* CySmart */ = {
			isa = PBXNativeTarget;
			buildConfigurationList = E956BCEB1A5BA68500B6F0CB /* Build configuration list for PBXNativeTarget "CySmart" */;
			buildPhases = (
				E956BCC41A5BA68500B6F0CB /* Sources */,
				E956BCC51A5BA68500B6F0CB /* Frameworks */,
				E956BCC61A5BA68500B6F0CB /* Resources */,
			);
			buildRules = (
			);
			dependencies = (
			);
			name = CySmart;
			productName = CySmart;
			productReference = E956BCC81A5BA68500B6F0CB /* CySmart.app */;
			productType = "com.apple.product-type.application";
		};
		E956BCE01A5BA68500B6F0CB /* CySmartTests */ = {
			isa = PBXNativeTarget;
			buildConfigurationList = E956BCEE1A5BA68500B6F0CB /* Build configuration list for PBXNativeTarget "CySmartTests" */;
			buildPhases = (
				E956BCDD1A5BA68500B6F0CB /* Sources */,
				E956BCDE1A5BA68500B6F0CB /* Frameworks */,
				E956BCDF1A5BA68500B6F0CB /* Resources */,
			);
			buildRules = (
			);
			dependencies = (
				E956BCE31A5BA68500B6F0CB /* PBXTargetDependency */,
			);
			name = CySmartTests;
			productName = CySmartTests;
			productReference = E956BCE11A5BA68500B6F0CB /* CySmartTests.xctest */;
			productType = "com.apple.product-type.bundle.unit-test";
		};
/* End PBXNativeTarget section */

/* Begin PBXProject section */
		E956BCC01A5BA68500B6F0CB /* Project object */ = {
			isa = PBXProject;
			attributes = {
				LastUpgradeCheck = 1130;
				ORGANIZATIONNAME = "Cypress Semiconductor";
				TargetAttributes = {
					E956BCC71A5BA68500B6F0CB = {
						CreatedOnToolsVersion = 6.1.1;
						SystemCapabilities = {
							com.apple.BackgroundModes = {
								enabled = 1;
							};
						};
					};
					E956BCE01A5BA68500B6F0CB = {
						CreatedOnToolsVersion = 6.1.1;
						TestTargetID = E956BCC71A5BA68500B6F0CB;
					};
				};
			};
			buildConfigurationList = E956BCC31A5BA68500B6F0CB /* Build configuration list for PBXProject "CySmart" */;
			compatibilityVersion = "Xcode 9.3";
			developmentRegion = en;
			hasScannedForEncodings = 0;
			knownRegions = (
				en,
				Base,
			);
			mainGroup = E956BCBF1A5BA68500B6F0CB;
			productRefGroup = E956BCC91A5BA68500B6F0CB /* Products */;
			projectDirPath = "";
			projectRoot = "";
			targets = (
				E956BCC71A5BA68500B6F0CB /* CySmart */,
				E956BCE01A5BA68500B6F0CB /* CySmartTests */,
			);
		};
/* End PBXProject section */

/* Begin PBXResourcesBuildPhase section */
		E956BCC61A5BA68500B6F0CB /* Resources */ = {
			isa = PBXResourcesBuildPhase;
			buildActionMask = 2147483647;
			files = (
				637F6F441A847D43000D0B32 /* Roboto-Medium.ttf in Resources */,
				E3CC8EAC1A971BD2003EB5A2 /* CharacteristicFormatPList.plist in Resources */,
				637F6F431A847D43000D0B32 /* Roboto-Bold.ttf in Resources */,
				E37A38C51B43B10C002DBD93 /* Localizable.strings in Resources */,
				637F6F2D1A847D43000D0B32 /* AboutView.xib in Resources */,
				637F6F471A847D43000D0B32 /* serviceAndCharacteristicNames.plist in Resources */,
				E956BCD71A5BA68500B6F0CB /* Main.storyboard in Resources */,
				637F6F421A847D43000D0B32 /* beep.mp3 in Resources */,
				E956BCDC1A5BA68500B6F0CB /* LaunchScreen.xib in Resources */,
				637F6F451A847D43000D0B32 /* Roboto-Regular.ttf in Resources */,
				637F6F481A847D43000D0B32 /* ServiceUUIDPList.plist in Resources */,
				637F6F461A847D43000D0B32 /* CharacteristicUUIDPList.plist in Resources */,
				637F6F321A847D43000D0B32 /* BatteryServiceView.xib in Resources */,
				E956BCD91A5BA68500B6F0CB /* Images.xcassets in Resources */,
			);
			runOnlyForDeploymentPostprocessing = 0;
		};
		E956BCDF1A5BA68500B6F0CB /* Resources */ = {
			isa = PBXResourcesBuildPhase;
			buildActionMask = 2147483647;
			files = (
			);
			runOnlyForDeploymentPostprocessing = 0;
		};
/* End PBXResourcesBuildPhase section */

/* Begin PBXSourcesBuildPhase section */
		E956BCC41A5BA68500B6F0CB /* Sources */ = {
			isa = PBXSourcesBuildPhase;
			buildActionMask = 2147483647;
			files = (
				637F6F161A847D43000D0B32 /* MyLineChart.m in Sources */,
				637F6F271A847D43000D0B32 /* GATTDBServiceListViewController.m in Sources */,
				637F6F0C1A847D43000D0B32 /* GlucoseModel.m in Sources */,
				637F6F371A847D43000D0B32 /* CapsenseRootVC.m in Sources */,
				637F6F1B1A847D43000D0B32 /* LoggerHandler.m in Sources */,
				637F6F251A847D43000D0B32 /* GATTDBDescriptorListViewController.m in Sources */,
				637F6F031A847D43000D0B32 /* iCarousel.m in Sources */,
				637F6F061A847D43000D0B32 /* BatteryServiceModel.m in Sources */,
				637F6F2E1A847D43000D0B32 /* MenuTableViewCell.m in Sources */,
				637F6F361A847D43000D0B32 /* CapsenseProximityVC.m in Sources */,
				637F6F121A847D43000D0B32 /* KLCPopup.m in Sources */,
				E3E6C52E1A91EC2C00350E7E /* AccelerometerModel.m in Sources */,
				637F6F411A847D43000D0B32 /* RunningSpeedAndCadenceVC.m in Sources */,
				A3F93F531A8A1EFF003A0545 /* SensorHubViewController.m in Sources */,
				637F6F0A1A847D43000D0B32 /* DevieInformationModel.m in Sources */,
				637F6F391A847D43000D0B32 /* CyclingSpeedAndCadenceVC.m in Sources */,
				637F6F071A847D43000D0B32 /* BPModel.m in Sources */,
				096B0690212DDAAE0098228E /* NSString+hex.m in Sources */,
				E3F3BC7F1AF8D87800286257 /* DataLoggerModel.xcdatamodeld in Sources */,
				637F6F201A847D43000D0B32 /* BaseViewController.m in Sources */,
				637F6F381A847D43000D0B32 /* CapsenseSliderViewController.m in Sources */,
				E3F3BC851AF8D94F00286257 /* CoreDataHandler.m in Sources */,
				637F6F191A847D43000D0B32 /* ProgressHandler.m in Sources */,
				637F6F281A847D43000D0B32 /* ServiceListTableViewCell.m in Sources */,
				09B374122451806B00597EE4 /* UIAlertController+Additions.m in Sources */,
				E3CEF2401B56A34700F70B33 /* ContextTableViewCell.m in Sources */,
				E3FC7F401A943FA60015A396 /* SensorHubModel.m in Sources */,
				637F6F2A1A847D43000D0B32 /* ScannedPeripheralTableViewCell.m in Sources */,
				637F6F1C1A847D43000D0B32 /* Reachability.m in Sources */,
				637F6F1D1A847D43000D0B32 /* ResourceHandler.m in Sources */,
				637F6F181A847D43000D0B32 /* MBProgressHUD.m in Sources */,
				637F6F211A847D43000D0B32 /* CharacteristicListTableViewCell.m in Sources */,
				637F6F341A847D43000D0B32 /* CapsenseButtonCollectionViewCell.m in Sources */,
				637F6F351A847D43000D0B32 /* CapsenseButtonVC.m in Sources */,
				637F6F401A847D43000D0B32 /* RGBViewController.m in Sources */,
				637F6F221A847D43000D0B32 /* GATTDBCharacteristicListViewController.m in Sources */,
				637F6F2C1A847D43000D0B32 /* AboutView.m in Sources */,
				637F6F231A847D43000D0B32 /* GATTDBDescriptorDetailsViewController.m in Sources */,
				A3B9F7141AB04AA30030F041 /* OTAFileParser.m in Sources */,
				637F6F0F1A847D43000D0B32 /* RSCModel.m in Sources */,
				637F6F2B1A847D43000D0B32 /* LoggerViewController.m in Sources */,
				09D0CC87246D2486003C773A /* UNUserNotificationCenter+Additions.m in Sources */,
				637F6F111A847D43000D0B32 /* MRHexKeyboard.m in Sources */,
				637F6F3A1A847D43000D0B32 /* DeviceInformationTableViewCell.m in Sources */,
				637F6F151A847D43000D0B32 /* LCLineChartView.m in Sources */,
				E35864C71A9310B80052A892 /* BarometerModel.m in Sources */,
				637F6F0D1A847D43000D0B32 /* HRMModel.m in Sources */,
				637F6F091A847D43000D0B32 /* CSCModel.m in Sources */,
				637F6F141A847D43000D0B32 /* LCLegendView.m in Sources */,
				E3F3BC8B1AF90C5C00286257 /* Logger.m in Sources */,
				637F6F3B1A847D43000D0B32 /* DeviceInformationVC.m in Sources */,
				637F6F331A847D43000D0B32 /* BloodPressureViewController.m in Sources */,
				637F6F051A847D43000D0B32 /* CBPeripheralExt.m in Sources */,
				637F6F291A847D43000D0B32 /* HomeViewController.m in Sources */,
				637F6F3C1A847D43000D0B32 /* FindMeViewController.m in Sources */,
				637F6F3F1A847D43000D0B32 /* HeartRateMesurementVC.m in Sources */,
				637F6F131A847D43000D0B32 /* LCInfoView.m in Sources */,
				637F6F171A847D43000D0B32 /* UIKit+DrawingHelpers.m in Sources */,
				E3CEF23D1B56A30E00F70B33 /* GlucoseContextVC.m in Sources */,
				637F6F301A847D43000D0B32 /* BatteryServiceVC.m in Sources */,
				637F6F021A847D43000D0B32 /* CarouselViewController.m in Sources */,
				E3E6C5311A921D4F00350E7E /* TemperatureModel.m in Sources */,
				A3FD2D7C1A931D8F0025FEFB /* DropDownView.m in Sources */,
				E3E9A1031B22E05900236D6B /* UIView+Toast.m in Sources */,
				637F6F1F1A847D43000D0B32 /* AppDelegate.m in Sources */,
				637F6F101A847D43000D0B32 /* ThermometerModel.m in Sources */,
				637F6F311A847D43000D0B32 /* BatteryServiceView.m in Sources */,
				637F6F1E1A847D43000D0B32 /* Utilities.m in Sources */,
				637F6F241A847D43000D0B32 /* DescriptorListTableViewCell.m in Sources */,
				0905140A23CDBE5200C636FB /* FirmwareUpgradeHomeViewController.m in Sources */,
				637F6F0E1A847D43000D0B32 /* RGBModel.m in Sources */,
				637F6F0B1A847D43000D0B32 /* FindMeModel.m in Sources */,
				637F6F081A847D43000D0B32 /* capsenseModel.m in Sources */,
				637F6F261A847D43000D0B32 /* GATTDBDetailsViewController.m in Sources */,
				637F6F3E1A847D43000D0B32 /* HealthThermometerVC.m in Sources */,
				637F6F041A847D43000D0B32 /* CyCBManager.m in Sources */,
				E374410E1AAECB2C008C3658 /* BootLoaderServiceModel.m in Sources */,
				637F6F3D1A847D43000D0B32 /* GlucoseViewController.m in Sources */,
				E956BCCE1A5BA68500B6F0CB /* main.m in Sources */,
				A3B9F71A1AB167EE0030F041 /* FirmwareFileSelectionViewController.m in Sources */,
				09320881210F550100CAC396 /* NSData+hexString.m in Sources */,
				637F6F2F1A847D43000D0B32 /* MenuViewController.m in Sources */,
			);
			runOnlyForDeploymentPostprocessing = 0;
		};
		E956BCDD1A5BA68500B6F0CB /* Sources */ = {
			isa = PBXSourcesBuildPhase;
			buildActionMask = 2147483647;
			files = (
				E956BCE81A5BA68500B6F0CB /* CySmartTests.m in Sources */,
			);
			runOnlyForDeploymentPostprocessing = 0;
		};
/* End PBXSourcesBuildPhase section */

/* Begin PBXTargetDependency section */
		E956BCE31A5BA68500B6F0CB /* PBXTargetDependency */ = {
			isa = PBXTargetDependency;
			target = E956BCC71A5BA68500B6F0CB /* CySmart */;
			targetProxy = E956BCE21A5BA68500B6F0CB /* PBXContainerItemProxy */;
		};
/* End PBXTargetDependency section */

/* Begin PBXVariantGroup section */
		E37A38C31B43B10C002DBD93 /* Localizable.strings */ = {
			isa = PBXVariantGroup;
			children = (
				E37A38C41B43B10C002DBD93 /* en */,
			);
			name = Localizable.strings;
			sourceTree = "<group>";
		};
		E956BCD51A5BA68500B6F0CB /* Main.storyboard */ = {
			isa = PBXVariantGroup;
			children = (
				E956BCD61A5BA68500B6F0CB /* Base */,
			);
			name = Main.storyboard;
			sourceTree = "<group>";
		};
		E956BCDA1A5BA68500B6F0CB /* LaunchScreen.xib */ = {
			isa = PBXVariantGroup;
			children = (
				E956BCDB1A5BA68500B6F0CB /* Base */,
			);
			name = LaunchScreen.xib;
			sourceTree = "<group>";
		};
/* End PBXVariantGroup section */

/* Begin XCBuildConfiguration section */
		E956BCE91A5BA68500B6F0CB /* Debug */ = {
			isa = XCBuildConfiguration;
			buildSettings = {
				ALWAYS_SEARCH_USER_PATHS = NO;
				CLANG_ANALYZER_LOCALIZABILITY_NONLOCALIZED = YES;
				CLANG_CXX_LANGUAGE_STANDARD = "gnu++0x";
				CLANG_CXX_LIBRARY = "libc++";
				CLANG_ENABLE_MODULES = YES;
				CLANG_ENABLE_OBJC_ARC = YES;
				CLANG_WARN_BLOCK_CAPTURE_AUTORELEASING = YES;
				CLANG_WARN_BOOL_CONVERSION = YES;
				CLANG_WARN_COMMA = YES;
				CLANG_WARN_CONSTANT_CONVERSION = YES;
				CLANG_WARN_DEPRECATED_OBJC_IMPLEMENTATIONS = YES;
				CLANG_WARN_DIRECT_OBJC_ISA_USAGE = YES_ERROR;
				CLANG_WARN_EMPTY_BODY = YES;
				CLANG_WARN_ENUM_CONVERSION = YES;
				CLANG_WARN_INFINITE_RECURSION = YES;
				CLANG_WARN_INT_CONVERSION = YES;
				CLANG_WARN_NON_LITERAL_NULL_CONVERSION = YES;
				CLANG_WARN_OBJC_IMPLICIT_RETAIN_SELF = YES;
				CLANG_WARN_OBJC_LITERAL_CONVERSION = YES;
				CLANG_WARN_OBJC_ROOT_CLASS = YES_ERROR;
				CLANG_WARN_RANGE_LOOP_ANALYSIS = YES;
				CLANG_WARN_STRICT_PROTOTYPES = YES;
				CLANG_WARN_SUSPICIOUS_MOVE = YES;
				CLANG_WARN_UNREACHABLE_CODE = YES;
				CLANG_WARN__DUPLICATE_METHOD_MATCH = YES;
				CODE_SIGN_IDENTITY = "iPhone Developer";
				COPY_PHASE_STRIP = NO;
				CURRENT_PROJECT_VERSION = "";
				ENABLE_STRICT_OBJC_MSGSEND = YES;
				ENABLE_TESTABILITY = YES;
				GCC_C_LANGUAGE_STANDARD = gnu99;
				GCC_DYNAMIC_NO_PIC = NO;
				GCC_NO_COMMON_BLOCKS = YES;
				GCC_OPTIMIZATION_LEVEL = 0;
				GCC_PREPROCESSOR_DEFINITIONS = (
					"DEBUG=1",
					"$(inherited)",
				);
				GCC_SYMBOLS_PRIVATE_EXTERN = NO;
				GCC_WARN_64_TO_32_BIT_CONVERSION = YES;
				GCC_WARN_ABOUT_RETURN_TYPE = YES_ERROR;
				GCC_WARN_UNDECLARED_SELECTOR = YES;
				GCC_WARN_UNINITIALIZED_AUTOS = YES_AGGRESSIVE;
				GCC_WARN_UNUSED_FUNCTION = YES;
				GCC_WARN_UNUSED_VARIABLE = YES;
				IPHONEOS_DEPLOYMENT_TARGET = 10.0;
				MTL_ENABLE_DEBUG_INFO = YES;
				ONLY_ACTIVE_ARCH = YES;
				SDKROOT = iphoneos;
				TARGETED_DEVICE_FAMILY = "1,2";
				VERSIONING_SYSTEM = "";
			};
			name = Debug;
		};
		E956BCEA1A5BA68500B6F0CB /* Release */ = {
			isa = XCBuildConfiguration;
			buildSettings = {
				ALWAYS_SEARCH_USER_PATHS = NO;
				CLANG_ANALYZER_LOCALIZABILITY_NONLOCALIZED = YES;
				CLANG_CXX_LANGUAGE_STANDARD = "gnu++0x";
				CLANG_CXX_LIBRARY = "libc++";
				CLANG_ENABLE_MODULES = YES;
				CLANG_ENABLE_OBJC_ARC = YES;
				CLANG_WARN_BLOCK_CAPTURE_AUTORELEASING = YES;
				CLANG_WARN_BOOL_CONVERSION = YES;
				CLANG_WARN_COMMA = YES;
				CLANG_WARN_CONSTANT_CONVERSION = YES;
				CLANG_WARN_DEPRECATED_OBJC_IMPLEMENTATIONS = YES;
				CLANG_WARN_DIRECT_OBJC_ISA_USAGE = YES_ERROR;
				CLANG_WARN_EMPTY_BODY = YES;
				CLANG_WARN_ENUM_CONVERSION = YES;
				CLANG_WARN_INFINITE_RECURSION = YES;
				CLANG_WARN_INT_CONVERSION = YES;
				CLANG_WARN_NON_LITERAL_NULL_CONVERSION = YES;
				CLANG_WARN_OBJC_IMPLICIT_RETAIN_SELF = YES;
				CLANG_WARN_OBJC_LITERAL_CONVERSION = YES;
				CLANG_WARN_OBJC_ROOT_CLASS = YES_ERROR;
				CLANG_WARN_RANGE_LOOP_ANALYSIS = YES;
				CLANG_WARN_STRICT_PROTOTYPES = YES;
				CLANG_WARN_SUSPICIOUS_MOVE = YES;
				CLANG_WARN_UNREACHABLE_CODE = YES;
				CLANG_WARN__DUPLICATE_METHOD_MATCH = YES;
				CODE_SIGN_IDENTITY = "iPhone Developer";
				COPY_PHASE_STRIP = YES;
				CURRENT_PROJECT_VERSION = "";
				ENABLE_NS_ASSERTIONS = NO;
				ENABLE_STRICT_OBJC_MSGSEND = YES;
				GCC_C_LANGUAGE_STANDARD = gnu99;
				GCC_NO_COMMON_BLOCKS = YES;
				GCC_WARN_64_TO_32_BIT_CONVERSION = YES;
				GCC_WARN_ABOUT_RETURN_TYPE = YES_ERROR;
				GCC_WARN_UNDECLARED_SELECTOR = YES;
				GCC_WARN_UNINITIALIZED_AUTOS = YES_AGGRESSIVE;
				GCC_WARN_UNUSED_FUNCTION = YES;
				GCC_WARN_UNUSED_VARIABLE = YES;
				IPHONEOS_DEPLOYMENT_TARGET = 10.0;
				MTL_ENABLE_DEBUG_INFO = NO;
				SDKROOT = iphoneos;
				TARGETED_DEVICE_FAMILY = "1,2";
				VALIDATE_PRODUCT = YES;
				VERSIONING_SYSTEM = "";
			};
			name = Release;
		};
		E956BCEC1A5BA68500B6F0CB /* Debug */ = {
			isa = XCBuildConfiguration;
			buildSettings = {
				ALWAYS_EMBED_SWIFT_STANDARD_LIBRARIES = NO;
				ASSETCATALOG_COMPILER_APPICON_NAME = AppIcon;
				ASSETCATALOG_COMPILER_LAUNCHIMAGE_NAME = LaunchImage;
				CODE_SIGN_IDENTITY = "Apple Development";
				"CODE_SIGN_IDENTITY[sdk=iphoneos*]" = "iPhone Developer";
				CODE_SIGN_STYLE = Automatic;
				CURRENT_PROJECT_VERSION = 0;
				DEVELOPMENT_TEAM = LCV43QB9EG;
				INFOPLIST_FILE = CySmart/Info.plist;
				IPHONEOS_DEPLOYMENT_TARGET = 10.0;
				LD_RUNPATH_SEARCH_PATHS = (
					"$(inherited)",
					"@executable_path/Frameworks",
				);
				LIBRARY_SEARCH_PATHS = "";
				PRODUCT_BUNDLE_IDENTIFIER = "com.CyPress.$(PRODUCT_NAME:rfc1034identifier)";
				PRODUCT_NAME = "$(TARGET_NAME)";
				PROVISIONING_PROFILE_SPECIFIER = "";
				TARGETED_DEVICE_FAMILY = "1,2";
				VERSIONING_SYSTEM = "";
			};
			name = Debug;
		};
		E956BCED1A5BA68500B6F0CB /* Release */ = {
			isa = XCBuildConfiguration;
			buildSettings = {
				ALWAYS_EMBED_SWIFT_STANDARD_LIBRARIES = NO;
				ASSETCATALOG_COMPILER_APPICON_NAME = AppIcon;
				ASSETCATALOG_COMPILER_LAUNCHIMAGE_NAME = LaunchImage;
				CODE_SIGN_IDENTITY = "Apple Development";
				"CODE_SIGN_IDENTITY[sdk=iphoneos*]" = "iPhone Developer";
				CODE_SIGN_STYLE = Automatic;
				CURRENT_PROJECT_VERSION = 0;
				DEVELOPMENT_TEAM = LCV43QB9EG;
				INFOPLIST_FILE = CySmart/Info.plist;
				IPHONEOS_DEPLOYMENT_TARGET = 10.0;
				LD_RUNPATH_SEARCH_PATHS = (
					"$(inherited)",
					"@executable_path/Frameworks",
				);
				LIBRARY_SEARCH_PATHS = "";
				PRODUCT_BUNDLE_IDENTIFIER = "com.CyPress.$(PRODUCT_NAME:rfc1034identifier)";
				PRODUCT_NAME = "$(TARGET_NAME)";
				PROVISIONING_PROFILE_SPECIFIER = "";
				TARGETED_DEVICE_FAMILY = "1,2";
				VERSIONING_SYSTEM = "";
			};
			name = Release;
		};
		E956BCEF1A5BA68500B6F0CB /* Debug */ = {
			isa = XCBuildConfiguration;
			buildSettings = {
				BUNDLE_LOADER = "$(TEST_HOST)";
				CODE_SIGN_IDENTITY = "iPhone Developer";
				"CODE_SIGN_IDENTITY[sdk=iphoneos*]" = "iPhone Developer";
				DEVELOPMENT_TEAM = LCV43QB9EG;
				FRAMEWORK_SEARCH_PATHS = (
					"$(SDKROOT)/System/Library/Frameworks",
					"$(inherited)",
				);
				GCC_PREPROCESSOR_DEFINITIONS = (
					"DEBUG=1",
					"$(inherited)",
				);
				INFOPLIST_FILE = CySmartTests/Info.plist;
				LD_RUNPATH_SEARCH_PATHS = (
					"$(inherited)",
					"@executable_path/Frameworks",
					"@loader_path/Frameworks",
				);
				PRODUCT_BUNDLE_IDENTIFIER = "com.Cypress.$(PRODUCT_NAME:rfc1034identifier)";
				PRODUCT_NAME = "$(TARGET_NAME)";
				PROVISIONING_PROFILE = "";
				TEST_HOST = "$(BUILT_PRODUCTS_DIR)/CySmart.app/CySmart";
			};
			name = Debug;
		};
		E956BCF01A5BA68500B6F0CB /* Release */ = {
			isa = XCBuildConfiguration;
			buildSettings = {
				BUNDLE_LOADER = "$(TEST_HOST)";
				CODE_SIGN_IDENTITY = "iPhone Developer";
				"CODE_SIGN_IDENTITY[sdk=iphoneos*]" = "iPhone Developer";
				DEVELOPMENT_TEAM = LCV43QB9EG;
				FRAMEWORK_SEARCH_PATHS = (
					"$(SDKROOT)/System/Library/Frameworks",
					"$(inherited)",
				);
				INFOPLIST_FILE = CySmartTests/Info.plist;
				LD_RUNPATH_SEARCH_PATHS = (
					"$(inherited)",
					"@executable_path/Frameworks",
					"@loader_path/Frameworks",
				);
				PRODUCT_BUNDLE_IDENTIFIER = "com.Cypress.$(PRODUCT_NAME:rfc1034identifier)";
				PRODUCT_NAME = "$(TARGET_NAME)";
				PROVISIONING_PROFILE = "";
				TEST_HOST = "$(BUILT_PRODUCTS_DIR)/CySmart.app/CySmart";
			};
			name = Release;
		};
/* End XCBuildConfiguration section */

/* Begin XCConfigurationList section */
		E956BCC31A5BA68500B6F0CB /* Build configuration list for PBXProject "CySmart" */ = {
			isa = XCConfigurationList;
			buildConfigurations = (
				E956BCE91A5BA68500B6F0CB /* Debug */,
				E956BCEA1A5BA68500B6F0CB /* Release */,
			);
			defaultConfigurationIsVisible = 0;
			defaultConfigurationName = Release;
		};
		E956BCEB1A5BA68500B6F0CB /* Build configuration list for PBXNativeTarget "CySmart" */ = {
			isa = XCConfigurationList;
			buildConfigurations = (
				E956BCEC1A5BA68500B6F0CB /* Debug */,
				E956BCED1A5BA68500B6F0CB /* Release */,
			);
			defaultConfigurationIsVisible = 0;
			defaultConfigurationName = Release;
		};
		E956BCEE1A5BA68500B6F0CB /* Build configuration list for PBXNativeTarget "CySmartTests" */ = {
			isa = XCConfigurationList;
			buildConfigurations = (
				E956BCEF1A5BA68500B6F0CB /* Debug */,
				E956BCF01A5BA68500B6F0CB /* Release */,
			);
			defaultConfigurationIsVisible = 0;
			defaultConfigurationName = Release;
		};
/* End XCConfigurationList section */

/* Begin XCVersionGroup section */
		E3F3BC7D1AF8D87800286257 /* DataLoggerModel.xcdatamodeld */ = {
			isa = XCVersionGroup;
			children = (
				E3F3BC7E1AF8D87800286257 /* DataLoggerModel.xcdatamodel */,
			);
			currentVersion = E3F3BC7E1AF8D87800286257 /* DataLoggerModel.xcdatamodel */;
			path = DataLoggerModel.xcdatamodeld;
			sourceTree = "<group>";
			versionGroupType = wrapper.xcdatamodel;
		};
/* End XCVersionGroup section */
	};
	rootObject = E956BCC01A5BA68500B6F0CB /* Project object */;
}
